PODS:
  - Apptics-SDK (1.0.1-debug):
    - Apptics-SDK/Analytics (= 1.0.1-debug)
  - Apptics-SDK/Analytics (1.0.1-debug):
    - Apptics-SDK/Core
    - Apptics-SDK/CrashKit
    - Apptics-SDK/EventTracker
    - Apptics-SDK/ScreenTracker
    - Apptics-SDK/Scripts
  - Apptics-SDK/Core (1.0.1-debug)
  - Apptics-SDK/CrashKit (1.0.1-debug)
  - Apptics-SDK/EventTracker (1.0.1-debug)
  - Apptics-SDK/ScreenTracker (1.0.1-debug)
  - Apptics-SDK/Scripts (1.0.1-debug)
  - Apptics-Swift (1.0.1-debug):
    - Apptics-SDK (= 1.0.1-debug)
    - Apptics-Swift/Analytics (= 1.0.1-debug)
  - Apptics-Swift/Analytics (1.0.1-debug):
    - Apptics-SDK (= 1.0.1-debug)
  - AppticsApiTracker (1.0.1-debug):
    - AppticsApiTracker/ApiTracker (= 1.0.1-debug)
  - AppticsApiTracker/ApiTracker (1.0.1-debug):
    - Apptics-SDK/Core (= 1.0.1-debug)
  - AppticsCrossPromotion (1.0.1-debug):
    - AppticsCrossPromotion/CrossPromotion (= 1.0.1-debug)
  - AppticsCrossPromotion/CrossPromotion (1.0.1-debug):
    - Apptics-Swift/Analytics (= 1.0.1-debug)
  - AppticsFeedbackKit (1.0.1-debug):
    - AppticsFeedbackKit/FeedbackKit (= 1.0.1-debug)
  - AppticsFeedbackKit/FeedbackKit (1.0.1-debug):
    - Apptics-SDK/Core (= 1.0.1-debug)
  - AppticsInAppUpdate (1.0.1-debug):
    - AppticsInAppUpdate/AppUpdate (= 1.0.1-debug)
  - AppticsInAppUpdate/AppUpdate (1.0.1-debug):
    - Apptics-SDK/Core (= 1.0.1-debug)
    - AppticsFeedbackKit (= 1.0.1-debug)
  - AppticsRateUs (1.0.1-debug):
    - AppticsRateUs/RateUs (= 1.0.1-debug)
  - AppticsRateUs/RateUs (1.0.1-debug):
    - Apptics-SDK/Core (= 1.0.1-debug)
    - AppticsFeedbackKit (= 1.0.1-debug)
  - AppticsRemoteConfig (1.0.1-debug):
    - AppticsRemoteConfig/RemoteConfig (= 1.0.1-debug)
  - AppticsRemoteConfig/RemoteConfig (1.0.1-debug):
    - Apptics-SDK/Core (= 1.0.1-debug)

DEPENDENCIES:
  - Apptics-Swift (= 1.0.1-debug)
  - AppticsApiTracker (= 1.0.1-debug)
  - AppticsCrossPromotion (= 1.0.1-debug)
  - AppticsFeedbackKit (= 1.0.1-debug)
  - AppticsInAppUpdate (= 1.0.1-debug)
  - AppticsRateUs (= 1.0.1-debug)
  - AppticsRemoteConfig (= 1.0.1-debug)

SPEC REPOS:
  https://github.com/zoho/Apptics.git:
    - Apptics-SDK
    - Apptics-Swift
    - AppticsApiTracker
    - AppticsCrossPromotion
    - AppticsFeedbackKit
    - AppticsInAppUpdate
    - AppticsRateUs
    - AppticsRemoteConfig

SPEC CHECKSUMS:
  Apptics-SDK: c70fc04f10aa0e86c81a5c77038b11db48cb3c03
  Apptics-Swift: 1e260f6ecf58d5e123b5f711b3c6fd2a7eca5442
  AppticsApiTracker: 164cba529e1bcfe0bf73df59b81e43a0b8c1fa34
  AppticsCrossPromotion: 43e5464f387c0e4dfb3feffa7f6f54cedeeaaa6d
  AppticsFeedbackKit: 8a16d35143a6584638bc54464887234636f721e0
  AppticsInAppUpdate: 97b5ebffa34594fc81d8e6d021ddf7f54d92adc7
  AppticsRateUs: 5dad6027c69acef6fc6be323feb52f531c9c09c5
  AppticsRemoteConfig: c46c99e7276e29088cc70b0babc95525b0786bdc

PODFILE CHECKSUM: 8c0699e127f371b5b4e9bf63fffb234a4efc8bfa

COCOAPODS: 1.10.0
