PODS:
  - Apptics-SDK (1.0.2-debug):
    - Apptics-SDK/Analytics (= 1.0.2-debug)
  - Apptics-SDK/Analytics (1.0.2-debug):
    - Apptics-SDK/Core
    - Apptics-SDK/CrashKit
    - Apptics-SDK/EventTracker
    - Apptics-SDK/ScreenTracker
    - Apptics-SDK/Scripts
  - Apptics-SDK/Core (1.0.2-debug)
  - Apptics-SDK/CrashKit (1.0.2-debug)
  - Apptics-SDK/EventTracker (1.0.2-debug)
  - Apptics-SDK/ScreenTracker (1.0.2-debug)
  - Apptics-SDK/Scripts (1.0.2-debug)
  - Apptics-Swift (1.0.2-debug):
    - Apptics-SDK (= 1.0.2-debug)
    - Apptics-Swift/Analytics (= 1.0.2-debug)
  - Apptics-Swift/Analytics (1.0.2-debug):
    - Apptics-SDK (= 1.0.2-debug)
  - AppticsApiTracker (1.0.2-debug):
    - AppticsApiTracker/ApiTracker (= 1.0.2-debug)
  - AppticsApiTracker/ApiTracker (1.0.2-debug):
    - Apptics-SDK/Core (= 1.0.2-debug)
  - AppticsCrossPromotion (1.0.2-debug):
    - AppticsCrossPromotion/CrossPromotion (= 1.0.2-debug)
  - AppticsCrossPromotion/CrossPromotion (1.0.2-debug):
    - Apptics-Swift/Analytics (= 1.0.2-debug)
  - AppticsFeedbackKit (1.0.2-debug):
    - AppticsFeedbackKit/FeedbackKit (= 1.0.2-debug)
  - AppticsFeedbackKit/FeedbackKit (1.0.2-debug):
    - Apptics-SDK/Core (= 1.0.2-debug)
  - AppticsInAppUpdate (1.0.2-debug):
    - AppticsInAppUpdate/AppUpdate (= 1.0.2-debug)
  - AppticsInAppUpdate/AppUpdate (1.0.2-debug):
    - Apptics-SDK/Core (= 1.0.2-debug)
    - AppticsFeedbackKit (= 1.0.2-debug)
  - AppticsRateUs (1.0.2-debug):
    - AppticsRateUs/RateUs (= 1.0.2-debug)
  - AppticsRateUs/RateUs (1.0.2-debug):
    - Apptics-SDK/Core (= 1.0.2-debug)
    - AppticsFeedbackKit (= 1.0.2-debug)
  - AppticsRemoteConfig (1.0.2-debug):
    - AppticsRemoteConfig/RemoteConfig (= 1.0.2-debug)
  - AppticsRemoteConfig/RemoteConfig (1.0.2-debug):
    - Apptics-SDK/Core (= 1.0.2-debug)

DEPENDENCIES:
  - Apptics-SDK (= 1.0.2-debug)
  - Apptics-Swift (= 1.0.2-debug)
  - AppticsApiTracker (= 1.0.2-debug)
  - AppticsCrossPromotion (= 1.0.2-debug)
  - AppticsFeedbackKit (= 1.0.2-debug)
  - AppticsInAppUpdate (= 1.0.2-debug)
  - AppticsRateUs (= 1.0.2-debug)
  - AppticsRemoteConfig (= 1.0.2-debug)

SPEC REPOS:
  https://github.com/zoho/Apptics.git:
    - Apptics-SDK
    - Apptics-Swift
    - AppticsApiTracker
    - AppticsCrossPromotion
    - AppticsFeedbackKit
    - AppticsInAppUpdate
    - AppticsRateUs
    - AppticsRemoteConfig

SPEC CHECKSUMS:
  Apptics-SDK: eedb39cab38a3cd3e87a198a4795a58866d1da1f
  Apptics-Swift: 166aa43fb35b2f5ac6831d77ef1e0b8d6e31ad74
  AppticsApiTracker: 48a1a2d12b0e37d6f978cde951d3b581addfd149
  AppticsCrossPromotion: f3a0caaac1b964657693a31c222565e04e0d39b3
  AppticsFeedbackKit: 2f69feed719ddd2ad1d2d20f9f8ca6db6ea55f24
  AppticsInAppUpdate: b9a74e060bd822b41a842725bc3d20ba20d1f954
  AppticsRateUs: d58130a5b81e460a89fd1ae6491b94dba1a9f115
  AppticsRemoteConfig: f76f82b3379cf9cc44e9bd2cb20f867d3423baf0

PODFILE CHECKSUM: 948b556d725727ad086973e6f734c90b4aa24481

COCOAPODS: 1.10.0
