PODS:
  - Apptics-SDK (2.0):
    - Apptics-SDK/Analytics (= 2.0)
  - Apptics-SDK/Analytics (2.0):
    - Apptics-SDK/Scripts
    - AppticsAnalytics (= 2.0)
  - Apptics-SDK/Scripts (2.0)
  - Apptics-Swift (2.0):
    - Apptics-SDK (= 2.0)
    - Apptics-Swift/Analytics (= 2.0)
  - Apptics-Swift/Analytics (2.0):
    - Apptics-SDK (= 2.0)
  - AppticsAnalytics (2.0):
    - AppticsAnalytics/Core (= 2.0)
  - AppticsAnalytics/Apptics (2.0):
    - AppticsAnalytics/JWT
  - AppticsAnalytics/Core (2.0):
    - AppticsAnalytics/Apptics
    - AppticsAnalytics/CrashKit
    - AppticsAnalytics/EventTracker
    - AppticsAnalytics/ScreenTracker
  - AppticsAnalytics/CrashKit (2.0):
    - AppticsAnalytics/KSCrash
  - AppticsAnalytics/EventTracker (2.0)
  - AppticsAnalytics/JWT (2.0)
  - AppticsAnalytics/KSCrash (2.0)
  - AppticsAnalytics/ScreenTracker (2.0)
  - AppticsApiTracker (2.0):
    - AppticsApiTracker/ApiTracker (= 2.0)
  - AppticsApiTracker/ApiTracker (2.0):
    - AppticsAnalytics/Apptics (= 2.0)
  - AppticsRateUs (2.0):
    - AppticsRateUs/RateUs (= 2.0)
  - AppticsRateUs/RateUs (2.0):
    - AppticsAnalytics/Apptics (= 2.0)
  - AppticsRemoteConfig (2.0):
    - AppticsRemoteConfig/RemoteConfig (= 2.0)
  - AppticsRemoteConfig/RemoteConfig (2.0):
    - AppticsAnalytics/Apptics (= 2.0)

DEPENDENCIES:
  - Apptics-Swift (= 2.0)
  - AppticsApiTracker (= 2.0)
  - AppticsRateUs (= 2.0)
  - AppticsRemoteConfig (= 2.0)

SPEC REPOS:
  https://github.com/zoho/Apptics.git:
    - Apptics-SDK
    - Apptics-Swift
    - AppticsAnalytics
    - AppticsApiTracker
    - AppticsRateUs
    - AppticsRemoteConfig

SPEC CHECKSUMS:
  Apptics-SDK: d96cf638d5d358789caacba8fa223a9534cae240
  Apptics-Swift: 4bba4a81621896915c588fe7f473a261c499aa3f
  AppticsAnalytics: 1c7e72a5bb546e8139e1316303c81ac2f72ef83e
  AppticsApiTracker: 6287c3d60f411eeca90c479fe578637d644a1478
  AppticsRateUs: 05470a57a2cb9f71ba9a3b2ea3cc8134dfad7aec
  AppticsRemoteConfig: bc1e097e51a93c2b4d638b71d1e817075b2f75b0

PODFILE CHECKSUM: ea218b48e8df56a33b85aa5ff74db698d74cead4

COCOAPODS: 1.15.2
