PODS:
  - Apptics-SDK (2.0.6):
    - Apptics-SDK/Analytics (= 2.0.6)
  - Apptics-SDK/Analytics (2.0.6):
    - Apptics-SDK/Scripts
    - AppticsAnalytics (= 2.0.6)
  - Apptics-SDK/Scripts (2.0.6)
  - Apptics-Swift/Analytics (2.0.6):
    - Apptics-SDK (= 2.0.6)
  - AppticsAnalytics (2.0.6):
    - AppticsAnalytics/Core (= 2.0.6)
  - AppticsAnalytics/Apptics (2.0.6):
    - AppticsAnalytics/JWT
  - AppticsAnalytics/Core (2.0.6):
    - AppticsAnalytics/Apptics
    - AppticsAnalytics/CrashKit
    - AppticsAnalytics/EventTracker
    - AppticsAnalytics/ScreenTracker
  - AppticsAnalytics/CrashKit (2.0.6):
    - AppticsAnalytics/KSCrash
  - AppticsAnalytics/EventTracker (2.0.6)
  - AppticsAnalytics/JWT (2.0.6)
  - AppticsAnalytics/KSCrash (2.0.6)
  - AppticsAnalytics/ScreenTracker (2.0.6)
  - AppticsApiTracker (2.0.6):
    - AppticsApiTracker/ApiTracker (= 2.0.6)
  - AppticsApiTracker/ApiTracker (2.0.6):
    - AppticsAnalytics/Apptics (= 2.0.6)
  - AppticsCrossPromotion (2.0.6):
    - AppticsCrossPromotion/CrossPromotion (= 2.0.6)
  - AppticsCrossPromotion/CrossPromotion (2.0.6):
    - Apptics-Swift/Analytics (= 2.0.6)
  - AppticsFeedbackKit (2.0.6):
    - AppticsFeedbackKit/FeedbackKit (= 2.0.6)
  - AppticsFeedbackKit/FeedbackKit (2.0.6):
    - AppticsAnalytics/Apptics (= 2.0.6)
  - AppticsFeedbackKitSwift (2.0.6):
    - AppticsFeedbackKitSwift/AppticsFeedbackKitSwift (= 2.0.6)
  - AppticsFeedbackKitSwift/AppticsFeedbackKitSwift (2.0.6):
    - AppticsFeedbackKit (= 2.0.6)
  - AppticsInAppUpdate (2.0.6):
    - AppticsInAppUpdate/AppUpdate (= 2.0.6)
  - AppticsInAppUpdate/AppUpdate (2.0.6):
    - AppticsAnalytics/Apptics (= 2.0.6)
  - AppticsRateUs (2.0.6):
    - AppticsRateUs/RateUs (= 2.0.6)
  - AppticsRateUs/RateUs (2.0.6):
    - AppticsAnalytics/Apptics (= 2.0.6)
  - AppticsRemoteConfig (2.0.6):
    - AppticsRemoteConfig/RemoteConfig (= 2.0.6)
  - AppticsRemoteConfig/RemoteConfig (2.0.6):
    - AppticsAnalytics/Apptics (= 2.0.6)

DEPENDENCIES:
  - Apptics-SDK (= 2.0.6)
  - AppticsApiTracker (= 2.0.6)
  - AppticsCrossPromotion (= 2.0.6)
  - AppticsFeedbackKitSwift (= 2.0.6)
  - AppticsInAppUpdate (= 2.0.6)
  - AppticsRateUs (= 2.0.6)
  - AppticsRemoteConfig (= 2.0.6)

SPEC REPOS:
  https://github.com/zoho/Apptics.git:
    - Apptics-SDK
    - Apptics-Swift
    - AppticsAnalytics
    - AppticsApiTracker
    - AppticsCrossPromotion
    - AppticsFeedbackKit
    - AppticsFeedbackKitSwift
    - AppticsInAppUpdate
    - AppticsRateUs
    - AppticsRemoteConfig

SPEC CHECKSUMS:
  Apptics-SDK: 6f7b7ae438f3ceb06ef08871523ff302aa5a0345
  Apptics-Swift: 030e8551c1df66799e7d2f7daa1bb1cf94e46776
  AppticsAnalytics: 82a7716f9c05e28c2f8ae2cda269607a2a4f6507
  AppticsApiTracker: d8b74ae6fa0a1b3cf9276fd932fcee802021de01
  AppticsCrossPromotion: cad3c9cf96d58ab84a4f24ef641c260a4008ae56
  AppticsFeedbackKit: 82df1bdee5640648f1efacec737a017353c1c0c6
  AppticsFeedbackKitSwift: 804196f13a3ac68952a8c894251d58f96d01781a
  AppticsInAppUpdate: a6af87641563b7f7f4321816cd7fdae6f396605a
  AppticsRateUs: b65d6b329b8c4a830405ec3bbf905609abf4fdea
  AppticsRemoteConfig: 1982e5c03714fcb5a1d58f782c3827f779b04dec

PODFILE CHECKSUM: 7c6def3ab610ba71e466776a6db9a910a87963af

COCOAPODS: 1.15.2
