PODS:
  - Apptics-SDK (1.0.8):
    - Apptics-SDK/Analytics (= 1.0.8)
  - Apptics-SDK/Analytics (1.0.8):
    - Apptics-SDK/Scripts
    - AppticsAnalytics (= 1.0.8)
  - Apptics-SDK/Scripts (1.0.8)
  - Apptics-Swift (1.0.8):
    - Apptics-SDK (= 1.0.8)
    - Apptics-Swift/Analytics (= 1.0.8)
  - Apptics-Swift/Analytics (1.0.8):
    - Apptics-SDK (= 1.0.8)
  - Apptics-Swift/Extension (1.0.8):
    - Apptics-SDK (= 1.0.8)
  - AppticsAnalytics (1.0.8):
    - AppticsAnalytics/Core (= 1.0.8)
  - AppticsAnalytics/Apptics (1.0.8):
    - AppticsAnalytics/JWT
  - AppticsAnalytics/Core (1.0.8):
    - AppticsAnalytics/Apptics
    - AppticsAnalytics/CrashKit
    - AppticsAnalytics/EventTracker
    - AppticsAnalytics/ScreenTracker
  - AppticsAnalytics/CrashKit (1.0.8):
    - AppticsAnalytics/KSCrash
  - AppticsAnalytics/EventTracker (1.0.8)
  - AppticsAnalytics/JWT (1.0.8)
  - AppticsAnalytics/KSCrash (1.0.8)
  - AppticsAnalytics/ScreenTracker (1.0.8)
  - AppticsApiTracker (1.0.8):
    - AppticsApiTracker/ApiTracker (= 1.0.8)
  - AppticsApiTracker/ApiTracker (1.0.8):
    - AppticsAnalytics/Apptics (= 1.0.8)
  - AppticsCrossPromotion (1.0.8):
    - AppticsCrossPromotion/CrossPromotion (= 1.0.8)
  - AppticsCrossPromotion/CrossPromotion (1.0.8):
    - Apptics-Swift/Analytics (= 1.0.8)
  - AppticsFeedbackKit (1.0.8):
    - AppticsFeedbackKit/FeedbackKit (= 1.0.8)
  - AppticsFeedbackKit/FeedbackKit (1.0.8):
    - AppticsAnalytics/Apptics (= 1.0.8)
  - AppticsInAppUpdate (1.0.8):
    - AppticsInAppUpdate/AppUpdate (= 1.0.8)
  - AppticsInAppUpdate/AppUpdate (1.0.8):
    - AppticsAnalytics/Apptics (= 1.0.8)
    - AppticsFeedbackKit (= 1.0.8)
  - AppticsRateUs (1.0.8):
    - AppticsRateUs/RateUs (= 1.0.8)
  - AppticsRateUs/RateUs (1.0.8):
    - AppticsAnalytics/Apptics (= 1.0.8)
    - AppticsFeedbackKit (= 1.0.8)
  - AppticsRemoteConfig (1.0.8):
    - AppticsRemoteConfig/RemoteConfig (= 1.0.8)
  - AppticsRemoteConfig/RemoteConfig (1.0.8):
    - AppticsAnalytics/Apptics (= 1.0.8)

DEPENDENCIES:
  - Apptics-SDK (= 1.0.8)
  - Apptics-Swift (= 1.0.8)
  - Apptics-Swift/Extension (= 1.0.8)
  - AppticsApiTracker (= 1.0.8)
  - AppticsCrossPromotion (= 1.0.8)
  - AppticsFeedbackKit (= 1.0.8)
  - AppticsInAppUpdate (= 1.0.8)
  - AppticsRateUs (= 1.0.8)
  - AppticsRemoteConfig (= 1.0.8)

SPEC REPOS:
  https://github.com/zoho/Apptics.git:
    - Apptics-SDK
    - Apptics-Swift
    - AppticsAnalytics
    - AppticsApiTracker
    - AppticsCrossPromotion
    - AppticsFeedbackKit
    - AppticsInAppUpdate
    - AppticsRateUs
    - AppticsRemoteConfig

SPEC CHECKSUMS:
  Apptics-SDK: aca80a82e58b1317e20c5bcb6baf51f13d9a8957
  Apptics-Swift: d67e6ffe5de961941a6b5cb8068370f9bcc90835
  AppticsAnalytics: 6d8c3a7b427429c78279662a482fde54133a91b3
  AppticsApiTracker: 24a8e8b569acc825c624112ce241c737d2a10eb2
  AppticsCrossPromotion: c380654a90b1c454a6d314a2d2b55a63acb58362
  AppticsFeedbackKit: 25ed9aa3e9ba2590546b1efdbfae4f75cfc3336c
  AppticsInAppUpdate: f251efc3e56355f2538a6e4eecbaef6efbf19616
  AppticsRateUs: 64d5b7064ddfa1082c53e081f1437f73c522d2b6
  AppticsRemoteConfig: 5c4890bb3643d33ecebec3403aec0d44a52cdcb3

PODFILE CHECKSUM: 527b5479fe1ab77b381e0b4bc4457b6a15295481

COCOAPODS: 1.11.3
