PODS:
  - Apptics-SDK (1.0.6):
    - Apptics-SDK/Analytics (= 1.0.6)
  - Apptics-SDK/Analytics (1.0.6):
    - Apptics-SDK/Core
    - Apptics-SDK/CrashKit
    - Apptics-SDK/EventTracker
    - Apptics-SDK/ScreenTracker
  - Apptics-SDK/Core (1.0.6):
    - Apptics-SDK/Scripts
  - Apptics-SDK/CrashKit (1.0.6)
  - Apptics-SDK/EventTracker (1.0.6)
  - Apptics-SDK/ScreenTracker (1.0.6)
  - Apptics-SDK/Scripts (1.0.6)
  - Apptics-Swift (1.0.6):
    - Apptics-SDK (= 1.0.6)
    - Apptics-Swift/Analytics (= 1.0.6)
  - Apptics-Swift/Analytics (1.0.6):
    - Apptics-SDK (= 1.0.6)
  - AppticsApiTracker (1.0.6):
    - AppticsApiTracker/ApiTracker (= 1.0.6)
  - AppticsApiTracker/ApiTracker (1.0.6):
    - Apptics-SDK/Core (= 1.0.6)
  - AppticsCrossPromotion (1.0.6):
    - AppticsCrossPromotion/CrossPromotion (= 1.0.6)
  - AppticsCrossPromotion/CrossPromotion (1.0.6):
    - Apptics-Swift/Analytics (= 1.0.6)
  - AppticsFeedbackKit (1.0.6):
    - AppticsFeedbackKit/FeedbackKit (= 1.0.6)
  - AppticsFeedbackKit/FeedbackKit (1.0.6):
    - Apptics-SDK/Core (= 1.0.6)
  - AppticsInAppUpdate (1.0.6):
    - AppticsInAppUpdate/AppUpdate (= 1.0.6)
  - AppticsInAppUpdate/AppUpdate (1.0.6):
    - Apptics-SDK/Core (= 1.0.6)
    - AppticsFeedbackKit (= 1.0.6)
  - AppticsRateUs (1.0.6):
    - AppticsRateUs/RateUs (= 1.0.6)
  - AppticsRateUs/RateUs (1.0.6):
    - Apptics-SDK/Core (= 1.0.6)
    - AppticsFeedbackKit (= 1.0.6)
  - AppticsRemoteConfig (1.0.6):
    - AppticsRemoteConfig/RemoteConfig (= 1.0.6)
  - AppticsRemoteConfig/RemoteConfig (1.0.6):
    - Apptics-SDK/Core (= 1.0.6)

DEPENDENCIES:
  - Apptics-SDK (= 1.0.6)
  - Apptics-Swift (= 1.0.6)
  - AppticsApiTracker (= 1.0.6)
  - AppticsCrossPromotion (= 1.0.6)
  - AppticsFeedbackKit (= 1.0.6)
  - AppticsInAppUpdate (= 1.0.6)
  - AppticsRateUs (= 1.0.6)
  - AppticsRemoteConfig (= 1.0.6)

SPEC REPOS:
  https://github.com/zoho/Apptics.git:
    - Apptics-SDK
    - Apptics-Swift
    - AppticsApiTracker
    - AppticsCrossPromotion
    - AppticsFeedbackKit
    - AppticsInAppUpdate
    - AppticsRateUs
    - AppticsRemoteConfig

SPEC CHECKSUMS:
  Apptics-SDK: 9e17a12a8a4b423cf15736ec68cb2e8b3ef9b0e4
  Apptics-Swift: 2f1397e59a0597f66cd43841f2b37b117c025a25
  AppticsApiTracker: 018d5a25e6163ca1bab642b9937ded49c12291ef
  AppticsCrossPromotion: ae7f8c791355560a6db3fea239e694ab5725133c
  AppticsFeedbackKit: 5aba0367c8ef4d3af2b03da8c8eb95b1c5a4f3a2
  AppticsInAppUpdate: ea1241eb9a9f25f4153f7c067241517b597ce105
  AppticsRateUs: 344a3c3f17349af2cbf6338024ae36ec6b57e530
  AppticsRemoteConfig: c8e5d9d95f2c57cb4b9e4925619dff10b7f40e3a

PODFILE CHECKSUM: 5572410b13b225596b4d1ca3500cc5c7dd078dc5

COCOAPODS: 1.11.3
