// !$*UTF8*$!
{
	archiveVersion = 1;
	classes = {
	};
	objectVersion = 51;
	objects = {

/* Begin PBXBuildFile section */
		8B6AE5F72FEEFE6F6779D733 /* Pods_AppticsDemo_AppticsDemoUITests.framework in Frameworks */ = {isa = PBXBuildFile; fileRef = 341627F9CD07635BC9A77EB6 /* Pods_AppticsDemo_AppticsDemoUITests.framework */; };
		A25BD35E273B454B00FA196D /* AppDelegate.swift in Sources */ = {isa = PBXBuildFile; fileRef = A25BD35D273B454B00FA196D /* AppDelegate.swift */; };
		A25BD360273B454B00FA196D /* SceneDelegate.swift in Sources */ = {isa = PBXBuildFile; fileRef = A25BD35F273B454B00FA196D /* SceneDelegate.swift */; };
		A25BD365273B454B00FA196D /* Main.storyboard in Resources */ = {isa = PBXBuildFile; fileRef = A25BD363273B454B00FA196D /* Main.storyboard */; };
		A25BD368273B454B00FA196D /* AppticsDemo.xcdatamodeld in Sources */ = {isa = PBXBuildFile; fileRef = A25BD366273B454B00FA196D /* AppticsDemo.xcdatamodeld */; };
		A25BD36A273B454E00FA196D /* Assets.xcassets in Resources */ = {isa = PBXBuildFile; fileRef = A25BD369273B454E00FA196D /* Assets.xcassets */; };
		A25BD36D273B454E00FA196D /* LaunchScreen.storyboard in Resources */ = {isa = PBXBuildFile; fileRef = A25BD36B273B454E00FA196D /* LaunchScreen.storyboard */; };
		A25BD378273B454E00FA196D /* AppticsDemoTests.swift in Sources */ = {isa = PBXBuildFile; fileRef = A25BD377273B454E00FA196D /* AppticsDemoTests.swift */; };
		A25BD383273B454E00FA196D /* AppticsDemoUITests.swift in Sources */ = {isa = PBXBuildFile; fileRef = A25BD382273B454E00FA196D /* AppticsDemoUITests.swift */; };
		A25BD62E27426C2E00FA196D /* Test.m in Sources */ = {isa = PBXBuildFile; fileRef = A25BD62D27426C2E00FA196D /* Test.m */; };
		A25BD63227426D4B00FA196D /* apptics-config.plist in Resources */ = {isa = PBXBuildFile; fileRef = A25BD63127426D4B00FA196D /* apptics-config.plist */; };
		A27C2856279935B900EA16CF /* TableList.swift in Sources */ = {isa = PBXBuildFile; fileRef = A27C2853279935B500EA16CF /* TableList.swift */; };
		A27C2857279935B900EA16CF /* ListCell.swift in Sources */ = {isa = PBXBuildFile; fileRef = A27C2854279935B700EA16CF /* ListCell.swift */; };
		A27C2858279935B900EA16CF /* ListViewController.swift in Sources */ = {isa = PBXBuildFile; fileRef = A27C2855279935B900EA16CF /* ListViewController.swift */; };
		A27C285C279936B700EA16CF /* EventsListCell.swift in Sources */ = {isa = PBXBuildFile; fileRef = A27C285A279936B700EA16CF /* EventsListCell.swift */; };
		A27C285D279936B700EA16CF /* EventsListViewController.swift in Sources */ = {isa = PBXBuildFile; fileRef = A27C285B279936B700EA16CF /* EventsListViewController.swift */; };
		A27C285F27993C0700EA16CF /* EventsTableList.swift in Sources */ = {isa = PBXBuildFile; fileRef = A27C285E27993C0700EA16CF /* EventsTableList.swift */; };
		A27C28642799503800EA16CF /* CrashListCell.swift in Sources */ = {isa = PBXBuildFile; fileRef = A27C28612799503800EA16CF /* CrashListCell.swift */; };
		A27C28652799503800EA16CF /* CrashListViewController.swift in Sources */ = {isa = PBXBuildFile; fileRef = A27C28622799503800EA16CF /* CrashListViewController.swift */; };
		A27C28662799503800EA16CF /* CrashTableList.swift in Sources */ = {isa = PBXBuildFile; fileRef = A27C28632799503800EA16CF /* CrashTableList.swift */; };
		A27C286927996AEA00EA16CF /* CrashMaster.h in Headers */ = {isa = PBXBuildFile; fileRef = A27C286727996AEA00EA16CF /* CrashMaster.h */; };
		A27C286A27996AEA00EA16CF /* CrashMaster.m in Sources */ = {isa = PBXBuildFile; fileRef = A27C286827996AEA00EA16CF /* CrashMaster.m */; };
		A27C2871279971A500EA16CF /* NonFatalListCell.swift in Sources */ = {isa = PBXBuildFile; fileRef = A27C286C279971A400EA16CF /* NonFatalListCell.swift */; };
		A27C2872279971A500EA16CF /* NonFatalViewController.swift in Sources */ = {isa = PBXBuildFile; fileRef = A27C286D279971A500EA16CF /* NonFatalViewController.swift */; };
		A27C2873279971A500EA16CF /* NonFatalTableList.swift in Sources */ = {isa = PBXBuildFile; fileRef = A27C286E279971A500EA16CF /* NonFatalTableList.swift */; };
		A27C2874279971A500EA16CF /* NonFatalMaster.m in Sources */ = {isa = PBXBuildFile; fileRef = A27C286F279971A500EA16CF /* NonFatalMaster.m */; };
		A27C2875279971A500EA16CF /* NonFatalMaster.h in Headers */ = {isa = PBXBuildFile; fileRef = A27C2870279971A500EA16CF /* NonFatalMaster.h */; };
		A27C28782799791100EA16CF /* ThemeManager.swift in Sources */ = {isa = PBXBuildFile; fileRef = A27C28772799791100EA16CF /* ThemeManager.swift */; };
		A27C287E27997F3200EA16CF /* APIListViewController.swift in Sources */ = {isa = PBXBuildFile; fileRef = A27C287B27997F3200EA16CF /* APIListViewController.swift */; };
		A27C287F27997F3200EA16CF /* APIListCell.swift in Sources */ = {isa = PBXBuildFile; fileRef = A27C287C27997F3200EA16CF /* APIListCell.swift */; };
		A27C288027997F3200EA16CF /* APITableList.swift in Sources */ = {isa = PBXBuildFile; fileRef = A27C287D27997F3200EA16CF /* APITableList.swift */; };
		A9890CAC1158029D3F8BD885 /* Pods_AppticsDemoTests.framework in Frameworks */ = {isa = PBXBuildFile; fileRef = 13E039C740D6A5B50845D190 /* Pods_AppticsDemoTests.framework */; };
		ADB94474DA08D225B0BAAB45 /* APAppticsExtension.swift in Sources */ = {isa = PBXBuildFile; fileRef = FEF315A3ADC5FF9E536810E9 /* APAppticsExtension.swift */; };
		E4584EAB3B0C7E20425B10B2 /* Pods_AppticsDemo.framework in Frameworks */ = {isa = PBXBuildFile; fileRef = B3D76E7F30819082A136AC8E /* Pods_AppticsDemo.framework */; };
/* End PBXBuildFile section */

/* Begin PBXContainerItemProxy section */
		A25BD374273B454E00FA196D /* PBXContainerItemProxy */ = {
			isa = PBXContainerItemProxy;
			containerPortal = A25BD352273B454B00FA196D /* Project object */;
			proxyType = 1;
			remoteGlobalIDString = A25BD359273B454B00FA196D;
			remoteInfo = AppticsDemo;
		};
		A25BD37F273B454E00FA196D /* PBXContainerItemProxy */ = {
			isa = PBXContainerItemProxy;
			containerPortal = A25BD352273B454B00FA196D /* Project object */;
			proxyType = 1;
			remoteGlobalIDString = A25BD359273B454B00FA196D;
			remoteInfo = AppticsDemo;
		};
/* End PBXContainerItemProxy section */

/* Begin PBXCopyFilesBuildPhase section */
		A22DE20A2762212700FF7A21 /* Embed App Extensions */ = {
			isa = PBXCopyFilesBuildPhase;
			buildActionMask = 2147483647;
			dstPath = "";
			dstSubfolderSpec = 13;
			files = (
			);
			name = "Embed App Extensions";
			runOnlyForDeploymentPostprocessing = 0;
		};
/* End PBXCopyFilesBuildPhase section */

/* Begin PBXFileReference section */
		10DAB8F8095A905448BB2AC0 /* Pods-AppticsDemo.debug.xcconfig */ = {isa = PBXFileReference; includeInIndex = 1; lastKnownFileType = text.xcconfig; name = "Pods-AppticsDemo.debug.xcconfig"; path = "Target Support Files/Pods-AppticsDemo/Pods-AppticsDemo.debug.xcconfig"; sourceTree = "<group>"; };
		13E039C740D6A5B50845D190 /* Pods_AppticsDemoTests.framework */ = {isa = PBXFileReference; explicitFileType = wrapper.framework; includeInIndex = 0; path = Pods_AppticsDemoTests.framework; sourceTree = BUILT_PRODUCTS_DIR; };
		14E0F03644EDE28D29268CE8 /* Pods-AppticsDemo.release.xcconfig */ = {isa = PBXFileReference; includeInIndex = 1; lastKnownFileType = text.xcconfig; name = "Pods-AppticsDemo.release.xcconfig"; path = "Target Support Files/Pods-AppticsDemo/Pods-AppticsDemo.release.xcconfig"; sourceTree = "<group>"; };
		19106CF92B41E4FE5C432204 /* APAppticsExtension.m */ = {isa = PBXFileReference; includeInIndex = 1; lastKnownFileType = sourcecode.c.objc; path = APAppticsExtension.m; sourceTree = "<group>"; };
		341627F9CD07635BC9A77EB6 /* Pods_AppticsDemo_AppticsDemoUITests.framework */ = {isa = PBXFileReference; explicitFileType = wrapper.framework; includeInIndex = 0; path = Pods_AppticsDemo_AppticsDemoUITests.framework; sourceTree = BUILT_PRODUCTS_DIR; };
		54EB7E06160FAA781C33CCAF /* Pods-AppticsDemoTests.appstore.xcconfig */ = {isa = PBXFileReference; includeInIndex = 1; lastKnownFileType = text.xcconfig; name = "Pods-AppticsDemoTests.appstore.xcconfig"; path = "Target Support Files/Pods-AppticsDemoTests/Pods-AppticsDemoTests.appstore.xcconfig"; sourceTree = "<group>"; };
		7643966BCD4823677B03A20F /* ZAAppticsExtension.m */ = {isa = PBXFileReference; includeInIndex = 1; lastKnownFileType = sourcecode.c.objc; path = ZAAppticsExtension.m; sourceTree = "<group>"; };
		84D480B18EC6157DD090FC19 /* Pods-AppticsDemo.appstore.xcconfig */ = {isa = PBXFileReference; includeInIndex = 1; lastKnownFileType = text.xcconfig; name = "Pods-AppticsDemo.appstore.xcconfig"; path = "Target Support Files/Pods-AppticsDemo/Pods-AppticsDemo.appstore.xcconfig"; sourceTree = "<group>"; };
		8F1BD77762BC1FAC61F8947E /* APAppticsExtension.h */ = {isa = PBXFileReference; includeInIndex = 1; lastKnownFileType = sourcecode.c.h; path = APAppticsExtension.h; sourceTree = "<group>"; };
		A22DE1FC2762212200FF7A21 /* WidgetKit.framework */ = {isa = PBXFileReference; lastKnownFileType = wrapper.framework; name = WidgetKit.framework; path = System/Library/Frameworks/WidgetKit.framework; sourceTree = SDKROOT; };
		A22DE1FE2762212200FF7A21 /* SwiftUI.framework */ = {isa = PBXFileReference; lastKnownFileType = wrapper.framework; name = SwiftUI.framework; path = System/Library/Frameworks/SwiftUI.framework; sourceTree = SDKROOT; };
		A23C4DCC275DD56F0020D210 /* AppticsDemo.entitlements */ = {isa = PBXFileReference; lastKnownFileType = text.plist.entitlements; path = AppticsDemo.entitlements; sourceTree = "<group>"; };
		A25BD35A273B454B00FA196D /* AppticsDemo.app */ = {isa = PBXFileReference; explicitFileType = wrapper.application; includeInIndex = 0; path = AppticsDemo.app; sourceTree = BUILT_PRODUCTS_DIR; };
		A25BD35D273B454B00FA196D /* AppDelegate.swift */ = {isa = PBXFileReference; lastKnownFileType = sourcecode.swift; path = AppDelegate.swift; sourceTree = "<group>"; };
		A25BD35F273B454B00FA196D /* SceneDelegate.swift */ = {isa = PBXFileReference; lastKnownFileType = sourcecode.swift; path = SceneDelegate.swift; sourceTree = "<group>"; };
		A25BD364273B454B00FA196D /* Base */ = {isa = PBXFileReference; lastKnownFileType = file.storyboard; name = Base; path = Base.lproj/Main.storyboard; sourceTree = "<group>"; };
		A25BD367273B454B00FA196D /* AppticsDemo.xcdatamodel */ = {isa = PBXFileReference; lastKnownFileType = wrapper.xcdatamodel; path = AppticsDemo.xcdatamodel; sourceTree = "<group>"; };
		A25BD369273B454E00FA196D /* Assets.xcassets */ = {isa = PBXFileReference; lastKnownFileType = folder.assetcatalog; path = Assets.xcassets; sourceTree = "<group>"; };
		A25BD36C273B454E00FA196D /* Base */ = {isa = PBXFileReference; lastKnownFileType = file.storyboard; name = Base; path = Base.lproj/LaunchScreen.storyboard; sourceTree = "<group>"; };
		A25BD36E273B454E00FA196D /* Info.plist */ = {isa = PBXFileReference; lastKnownFileType = text.plist.xml; path = Info.plist; sourceTree = "<group>"; };
		A25BD373273B454E00FA196D /* AppticsDemoTests.xctest */ = {isa = PBXFileReference; explicitFileType = wrapper.cfbundle; includeInIndex = 0; path = AppticsDemoTests.xctest; sourceTree = BUILT_PRODUCTS_DIR; };
		A25BD377273B454E00FA196D /* AppticsDemoTests.swift */ = {isa = PBXFileReference; lastKnownFileType = sourcecode.swift; path = AppticsDemoTests.swift; sourceTree = "<group>"; };
		A25BD379273B454E00FA196D /* Info.plist */ = {isa = PBXFileReference; lastKnownFileType = text.plist.xml; path = Info.plist; sourceTree = "<group>"; };
		A25BD37E273B454E00FA196D /* AppticsDemoUITests.xctest */ = {isa = PBXFileReference; explicitFileType = wrapper.cfbundle; includeInIndex = 0; path = AppticsDemoUITests.xctest; sourceTree = BUILT_PRODUCTS_DIR; };
		A25BD382273B454E00FA196D /* AppticsDemoUITests.swift */ = {isa = PBXFileReference; lastKnownFileType = sourcecode.swift; path = AppticsDemoUITests.swift; sourceTree = "<group>"; };
		A25BD384273B454E00FA196D /* Info.plist */ = {isa = PBXFileReference; lastKnownFileType = text.plist.xml; path = Info.plist; sourceTree = "<group>"; };
		A25BD62B27426C2E00FA196D /* AppticsDemo-Bridging-Header.h */ = {isa = PBXFileReference; lastKnownFileType = sourcecode.c.h; path = "AppticsDemo-Bridging-Header.h"; sourceTree = "<group>"; };
		A25BD62C27426C2E00FA196D /* Test.h */ = {isa = PBXFileReference; lastKnownFileType = sourcecode.c.h; path = Test.h; sourceTree = "<group>"; };
		A25BD62D27426C2E00FA196D /* Test.m */ = {isa = PBXFileReference; lastKnownFileType = sourcecode.c.objc; path = Test.m; sourceTree = "<group>"; };
		A25BD63127426D4B00FA196D /* apptics-config.plist */ = {isa = PBXFileReference; lastKnownFileType = text.plist; path = "apptics-config.plist"; sourceTree = SOURCE_ROOT; };
		A27C2853279935B500EA16CF /* TableList.swift */ = {isa = PBXFileReference; fileEncoding = 4; lastKnownFileType = sourcecode.swift; path = TableList.swift; sourceTree = "<group>"; };
		A27C2854279935B700EA16CF /* ListCell.swift */ = {isa = PBXFileReference; fileEncoding = 4; lastKnownFileType = sourcecode.swift; path = ListCell.swift; sourceTree = "<group>"; };
		A27C2855279935B900EA16CF /* ListViewController.swift */ = {isa = PBXFileReference; fileEncoding = 4; lastKnownFileType = sourcecode.swift; path = ListViewController.swift; sourceTree = "<group>"; };
		A27C285A279936B700EA16CF /* EventsListCell.swift */ = {isa = PBXFileReference; fileEncoding = 4; lastKnownFileType = sourcecode.swift; path = EventsListCell.swift; sourceTree = "<group>"; };
		A27C285B279936B700EA16CF /* EventsListViewController.swift */ = {isa = PBXFileReference; fileEncoding = 4; lastKnownFileType = sourcecode.swift; path = EventsListViewController.swift; sourceTree = "<group>"; };
		A27C285E27993C0700EA16CF /* EventsTableList.swift */ = {isa = PBXFileReference; fileEncoding = 4; lastKnownFileType = sourcecode.swift; path = EventsTableList.swift; sourceTree = "<group>"; };
		A27C28612799503800EA16CF /* CrashListCell.swift */ = {isa = PBXFileReference; fileEncoding = 4; lastKnownFileType = sourcecode.swift; path = CrashListCell.swift; sourceTree = "<group>"; };
		A27C28622799503800EA16CF /* CrashListViewController.swift */ = {isa = PBXFileReference; fileEncoding = 4; lastKnownFileType = sourcecode.swift; path = CrashListViewController.swift; sourceTree = "<group>"; };
		A27C28632799503800EA16CF /* CrashTableList.swift */ = {isa = PBXFileReference; fileEncoding = 4; lastKnownFileType = sourcecode.swift; path = CrashTableList.swift; sourceTree = "<group>"; };
		A27C286727996AEA00EA16CF /* CrashMaster.h */ = {isa = PBXFileReference; lastKnownFileType = sourcecode.c.h; path = CrashMaster.h; sourceTree = "<group>"; };
		A27C286827996AEA00EA16CF /* CrashMaster.m */ = {isa = PBXFileReference; lastKnownFileType = sourcecode.c.objc; path = CrashMaster.m; sourceTree = "<group>"; };
		A27C286C279971A400EA16CF /* NonFatalListCell.swift */ = {isa = PBXFileReference; fileEncoding = 4; lastKnownFileType = sourcecode.swift; path = NonFatalListCell.swift; sourceTree = "<group>"; };
		A27C286D279971A500EA16CF /* NonFatalViewController.swift */ = {isa = PBXFileReference; fileEncoding = 4; lastKnownFileType = sourcecode.swift; path = NonFatalViewController.swift; sourceTree = "<group>"; };
		A27C286E279971A500EA16CF /* NonFatalTableList.swift */ = {isa = PBXFileReference; fileEncoding = 4; lastKnownFileType = sourcecode.swift; path = NonFatalTableList.swift; sourceTree = "<group>"; };
		A27C286F279971A500EA16CF /* NonFatalMaster.m */ = {isa = PBXFileReference; fileEncoding = 4; lastKnownFileType = sourcecode.c.objc; path = NonFatalMaster.m; sourceTree = "<group>"; };
		A27C2870279971A500EA16CF /* NonFatalMaster.h */ = {isa = PBXFileReference; fileEncoding = 4; lastKnownFileType = sourcecode.c.h; path = NonFatalMaster.h; sourceTree = "<group>"; };
		A27C28772799791100EA16CF /* ThemeManager.swift */ = {isa = PBXFileReference; lastKnownFileType = sourcecode.swift; path = ThemeManager.swift; sourceTree = "<group>"; };
		A27C287B27997F3200EA16CF /* APIListViewController.swift */ = {isa = PBXFileReference; fileEncoding = 4; lastKnownFileType = sourcecode.swift; path = APIListViewController.swift; sourceTree = "<group>"; };
		A27C287C27997F3200EA16CF /* APIListCell.swift */ = {isa = PBXFileReference; fileEncoding = 4; lastKnownFileType = sourcecode.swift; path = APIListCell.swift; sourceTree = "<group>"; };
		A27C287D27997F3200EA16CF /* APITableList.swift */ = {isa = PBXFileReference; fileEncoding = 4; lastKnownFileType = sourcecode.swift; path = APITableList.swift; sourceTree = "<group>"; };
		B3D76E7F30819082A136AC8E /* Pods_AppticsDemo.framework */ = {isa = PBXFileReference; explicitFileType = wrapper.framework; includeInIndex = 0; path = Pods_AppticsDemo.framework; sourceTree = BUILT_PRODUCTS_DIR; };
		B9D88B4FFA9BB2C1E6C78C30 /* Pods-AppticsDemoTests.release.xcconfig */ = {isa = PBXFileReference; includeInIndex = 1; lastKnownFileType = text.xcconfig; name = "Pods-AppticsDemoTests.release.xcconfig"; path = "Target Support Files/Pods-AppticsDemoTests/Pods-AppticsDemoTests.release.xcconfig"; sourceTree = "<group>"; };
		BF882AA35A8CE2A0B2911022 /* Pods-AppticsDemo-AppticsDemoUITests.appstore.xcconfig */ = {isa = PBXFileReference; includeInIndex = 1; lastKnownFileType = text.xcconfig; name = "Pods-AppticsDemo-AppticsDemoUITests.appstore.xcconfig"; path = "Target Support Files/Pods-AppticsDemo-AppticsDemoUITests/Pods-AppticsDemo-AppticsDemoUITests.appstore.xcconfig"; sourceTree = "<group>"; };
		DA370EAB318A350CC76AA843 /* Pods-AppticsDemoTests.debug.xcconfig */ = {isa = PBXFileReference; includeInIndex = 1; lastKnownFileType = text.xcconfig; name = "Pods-AppticsDemoTests.debug.xcconfig"; path = "Target Support Files/Pods-AppticsDemoTests/Pods-AppticsDemoTests.debug.xcconfig"; sourceTree = "<group>"; };
		EDD984C7621336D0AC0F479E /* Pods-AppticsDemo-AppticsDemoUITests.release.xcconfig */ = {isa = PBXFileReference; includeInIndex = 1; lastKnownFileType = text.xcconfig; name = "Pods-AppticsDemo-AppticsDemoUITests.release.xcconfig"; path = "Target Support Files/Pods-AppticsDemo-AppticsDemoUITests/Pods-AppticsDemo-AppticsDemoUITests.release.xcconfig"; sourceTree = "<group>"; };
		F0F47225FA98614F5C55F9DF /* Pods-AppticsDemo-AppticsDemoUITests.debug.xcconfig */ = {isa = PBXFileReference; includeInIndex = 1; lastKnownFileType = text.xcconfig; name = "Pods-AppticsDemo-AppticsDemoUITests.debug.xcconfig"; path = "Target Support Files/Pods-AppticsDemo-AppticsDemoUITests/Pods-AppticsDemo-AppticsDemoUITests.debug.xcconfig"; sourceTree = "<group>"; };
		F662234015330891C1A6893E /* ZAAppticsExtension.h */ = {isa = PBXFileReference; includeInIndex = 1; lastKnownFileType = sourcecode.c.h; path = ZAAppticsExtension.h; sourceTree = "<group>"; };
		FEF315A3ADC5FF9E536810E9 /* APAppticsExtension.swift */ = {isa = PBXFileReference; includeInIndex = 1; lastKnownFileType = sourcecode.swift; path = APAppticsExtension.swift; sourceTree = "<group>"; };
/* End PBXFileReference section */

/* Begin PBXFrameworksBuildPhase section */
		A25BD357273B454B00FA196D /* Frameworks */ = {
			isa = PBXFrameworksBuildPhase;
			buildActionMask = 2147483647;
			files = (
				E4584EAB3B0C7E20425B10B2 /* Pods_AppticsDemo.framework in Frameworks */,
			);
			runOnlyForDeploymentPostprocessing = 0;
		};
		A25BD370273B454E00FA196D /* Frameworks */ = {
			isa = PBXFrameworksBuildPhase;
			buildActionMask = 2147483647;
			files = (
				A9890CAC1158029D3F8BD885 /* Pods_AppticsDemoTests.framework in Frameworks */,
			);
			runOnlyForDeploymentPostprocessing = 0;
		};
		A25BD37B273B454E00FA196D /* Frameworks */ = {
			isa = PBXFrameworksBuildPhase;
			buildActionMask = 2147483647;
			files = (
				8B6AE5F72FEEFE6F6779D733 /* Pods_AppticsDemo_AppticsDemoUITests.framework in Frameworks */,
			);
			runOnlyForDeploymentPostprocessing = 0;
		};
/* End PBXFrameworksBuildPhase section */

/* Begin PBXGroup section */
		33783F8BDFD68C894C57D661 /* Pods */ = {
			isa = PBXGroup;
			children = (
				10DAB8F8095A905448BB2AC0 /* Pods-AppticsDemo.debug.xcconfig */,
				84D480B18EC6157DD090FC19 /* Pods-AppticsDemo.appstore.xcconfig */,
				14E0F03644EDE28D29268CE8 /* Pods-AppticsDemo.release.xcconfig */,
				F0F47225FA98614F5C55F9DF /* Pods-AppticsDemo-AppticsDemoUITests.debug.xcconfig */,
				BF882AA35A8CE2A0B2911022 /* Pods-AppticsDemo-AppticsDemoUITests.appstore.xcconfig */,
				EDD984C7621336D0AC0F479E /* Pods-AppticsDemo-AppticsDemoUITests.release.xcconfig */,
				DA370EAB318A350CC76AA843 /* Pods-AppticsDemoTests.debug.xcconfig */,
				54EB7E06160FAA781C33CCAF /* Pods-AppticsDemoTests.appstore.xcconfig */,
				B9D88B4FFA9BB2C1E6C78C30 /* Pods-AppticsDemoTests.release.xcconfig */,
			);
			path = Pods;
			sourceTree = "<group>";
		};
		5A937B464D2F21194FE1D49A /* Apptics */ = {
			isa = PBXGroup;
			children = (
				8F1BD77762BC1FAC61F8947E /* APAppticsExtension.h */,
				19106CF92B41E4FE5C432204 /* APAppticsExtension.m */,
				F662234015330891C1A6893E /* ZAAppticsExtension.h */,
				7643966BCD4823677B03A20F /* ZAAppticsExtension.m */,
			);
			name = Apptics;
			sourceTree = "<group>";
		};
		A25BD351273B454B00FA196D = {
			isa = PBXGroup;
			children = (
				A25BD35C273B454B00FA196D /* AppticsDemo */,
				A25BD376273B454E00FA196D /* AppticsDemoTests */,
				A25BD381273B454E00FA196D /* AppticsDemoUITests */,
				A25BD35B273B454B00FA196D /* Products */,
				33783F8BDFD68C894C57D661 /* Pods */,
				D87370360099F87C13241871 /* Frameworks */,
				5A937B464D2F21194FE1D49A /* Apptics */,
			);
			sourceTree = "<group>";
		};
		A25BD35B273B454B00FA196D /* Products */ = {
			isa = PBXGroup;
			children = (
				A25BD35A273B454B00FA196D /* AppticsDemo.app */,
				A25BD373273B454E00FA196D /* AppticsDemoTests.xctest */,
				A25BD37E273B454E00FA196D /* AppticsDemoUITests.xctest */,
			);
			name = Products;
			sourceTree = "<group>";
		};
		A25BD35C273B454B00FA196D /* AppticsDemo */ = {
			isa = PBXGroup;
			children = (
				A23C4DCC275DD56F0020D210 /* AppticsDemo.entitlements */,
				A25BD63127426D4B00FA196D /* apptics-config.plist */,
				A27C287A27997EFE00EA16CF /* APITracking */,
				A27C2876279978FD00EA16CF /* ThemeManager */,
				A27C286B2799718200EA16CF /* NonFatals */,
				A27C28602799501000EA16CF /* Crashes */,
				A27C28592799365400EA16CF /* Events */,
				A27C287927997A5A00EA16CF /* LaunchScreen */,
				A25BD35D273B454B00FA196D /* AppDelegate.swift */,
				A25BD35F273B454B00FA196D /* SceneDelegate.swift */,
				A25BD62C27426C2E00FA196D /* Test.h */,
				A25BD62D27426C2E00FA196D /* Test.m */,
				A25BD363273B454B00FA196D /* Main.storyboard */,
				A25BD369273B454E00FA196D /* Assets.xcassets */,
				A25BD36B273B454E00FA196D /* LaunchScreen.storyboard */,
				A25BD36E273B454E00FA196D /* Info.plist */,
				A25BD366273B454B00FA196D /* AppticsDemo.xcdatamodeld */,
				A25BD62B27426C2E00FA196D /* AppticsDemo-Bridging-Header.h */,
				A5C99F2D09CC8A37D078ABA6 /* Apptics */,
			);
			path = AppticsDemo;
			sourceTree = "<group>";
		};
		A25BD376273B454E00FA196D /* AppticsDemoTests */ = {
			isa = PBXGroup;
			children = (
				A25BD377273B454E00FA196D /* AppticsDemoTests.swift */,
				A25BD379273B454E00FA196D /* Info.plist */,
			);
			path = AppticsDemoTests;
			sourceTree = "<group>";
		};
		A25BD381273B454E00FA196D /* AppticsDemoUITests */ = {
			isa = PBXGroup;
			children = (
				A25BD382273B454E00FA196D /* AppticsDemoUITests.swift */,
				A25BD384273B454E00FA196D /* Info.plist */,
			);
			path = AppticsDemoUITests;
			sourceTree = "<group>";
		};
		A27C28592799365400EA16CF /* Events */ = {
			isa = PBXGroup;
			children = (
				A27C285A279936B700EA16CF /* EventsListCell.swift */,
				A27C285B279936B700EA16CF /* EventsListViewController.swift */,
				A27C285E27993C0700EA16CF /* EventsTableList.swift */,
			);
			path = Events;
			sourceTree = "<group>";
		};
		A27C28602799501000EA16CF /* Crashes */ = {
			isa = PBXGroup;
			children = (
				A27C286727996AEA00EA16CF /* CrashMaster.h */,
				A27C286827996AEA00EA16CF /* CrashMaster.m */,
				A27C28612799503800EA16CF /* CrashListCell.swift */,
				A27C28622799503800EA16CF /* CrashListViewController.swift */,
				A27C28632799503800EA16CF /* CrashTableList.swift */,
			);
			path = Crashes;
			sourceTree = "<group>";
		};
		A27C286B2799718200EA16CF /* NonFatals */ = {
			isa = PBXGroup;
			children = (
				A27C286C279971A400EA16CF /* NonFatalListCell.swift */,
				A27C286D279971A500EA16CF /* NonFatalViewController.swift */,
				A27C2870279971A500EA16CF /* NonFatalMaster.h */,
				A27C286F279971A500EA16CF /* NonFatalMaster.m */,
				A27C286E279971A500EA16CF /* NonFatalTableList.swift */,
			);
			path = NonFatals;
			sourceTree = "<group>";
		};
		A27C2876279978FD00EA16CF /* ThemeManager */ = {
			isa = PBXGroup;
			children = (
				A27C28772799791100EA16CF /* ThemeManager.swift */,
			);
			path = ThemeManager;
			sourceTree = "<group>";
		};
		A27C287927997A5A00EA16CF /* LaunchScreen */ = {
			isa = PBXGroup;
			children = (
				A27C2853279935B500EA16CF /* TableList.swift */,
				A27C2854279935B700EA16CF /* ListCell.swift */,
				A27C2855279935B900EA16CF /* ListViewController.swift */,
			);
			path = LaunchScreen;
			sourceTree = "<group>";
		};
		A27C287A27997EFE00EA16CF /* APITracking */ = {
			isa = PBXGroup;
			children = (
				A27C287C27997F3200EA16CF /* APIListCell.swift */,
				A27C287B27997F3200EA16CF /* APIListViewController.swift */,
				A27C287D27997F3200EA16CF /* APITableList.swift */,
			);
			path = APITracking;
			sourceTree = "<group>";
		};
		A5C99F2D09CC8A37D078ABA6 /* Apptics */ = {
			isa = PBXGroup;
			children = (
				FEF315A3ADC5FF9E536810E9 /* APAppticsExtension.swift */,
			);
			name = Apptics;
			sourceTree = "<group>";
		};
		D87370360099F87C13241871 /* Frameworks */ = {
			isa = PBXGroup;
			children = (
				A22DE1FC2762212200FF7A21 /* WidgetKit.framework */,
				A22DE1FE2762212200FF7A21 /* SwiftUI.framework */,
				B3D76E7F30819082A136AC8E /* Pods_AppticsDemo.framework */,
				341627F9CD07635BC9A77EB6 /* Pods_AppticsDemo_AppticsDemoUITests.framework */,
				13E039C740D6A5B50845D190 /* Pods_AppticsDemoTests.framework */,
			);
			name = Frameworks;
			sourceTree = "<group>";
		};
/* End PBXGroup section */

/* Begin PBXHeadersBuildPhase section */
		6846F81F155791A618F7B4B7 /* Headers */ = {
			isa = PBXHeadersBuildPhase;
			buildActionMask = 2147483647;
			files = (
				A27C2875279971A500EA16CF /* NonFatalMaster.h in Headers */,
				A27C286927996AEA00EA16CF /* CrashMaster.h in Headers */,
			);
			runOnlyForDeploymentPostprocessing = 0;
		};
/* End PBXHeadersBuildPhase section */

/* Begin PBXNativeTarget section */
		A25BD359273B454B00FA196D /* AppticsDemo */ = {
			isa = PBXNativeTarget;
			buildConfigurationList = A25BD387273B454E00FA196D /* Build configuration list for PBXNativeTarget "AppticsDemo" */;
			buildPhases = (
				8B565F076C39AAA640E15385 /* [CP] Check Pods Manifest.lock */,
				4E8356A1FCFCF822DD1946D9 /* [CP-User] Apptics pre build */,
				A25BD356273B454B00FA196D /* Sources */,
				A25BD357273B454B00FA196D /* Frameworks */,
				A25BD358273B454B00FA196D /* Resources */,
				6846F81F155791A618F7B4B7 /* Headers */,
				A22DE20A2762212700FF7A21 /* Embed App Extensions */,
				E18DD616DEBB59C1D2214FF3 /* [CP] Embed Pods Frameworks */,
			);
			buildRules = (
			);
			dependencies = (
			);
			name = AppticsDemo;
			productName = AppticsDemo;
			productReference = A25BD35A273B454B00FA196D /* AppticsDemo.app */;
			productType = "com.apple.product-type.application";
		};
		A25BD372273B454E00FA196D /* AppticsDemoTests */ = {
			isa = PBXNativeTarget;
			buildConfigurationList = A25BD38A273B454E00FA196D /* Build configuration list for PBXNativeTarget "AppticsDemoTests" */;
			buildPhases = (
				1C30B22EC6F09937481725CC /* [CP] Check Pods Manifest.lock */,
				A25BD36F273B454E00FA196D /* Sources */,
				A25BD370273B454E00FA196D /* Frameworks */,
				A25BD371273B454E00FA196D /* Resources */,
			);
			buildRules = (
			);
			dependencies = (
				A25BD375273B454E00FA196D /* PBXTargetDependency */,
			);
			name = AppticsDemoTests;
			productName = AppticsDemoTests;
			productReference = A25BD373273B454E00FA196D /* AppticsDemoTests.xctest */;
			productType = "com.apple.product-type.bundle.unit-test";
		};
		A25BD37D273B454E00FA196D /* AppticsDemoUITests */ = {
			isa = PBXNativeTarget;
			buildConfigurationList = A25BD38D273B454E00FA196D /* Build configuration list for PBXNativeTarget "AppticsDemoUITests" */;
			buildPhases = (
				991D9C444D93002C0FED89E3 /* [CP] Check Pods Manifest.lock */,
				A25BD37A273B454E00FA196D /* Sources */,
				A25BD37B273B454E00FA196D /* Frameworks */,
				A25BD37C273B454E00FA196D /* Resources */,
				3162B00A53951C0267FD6CE9 /* [CP] Embed Pods Frameworks */,
			);
			buildRules = (
			);
			dependencies = (
				A25BD380273B454E00FA196D /* PBXTargetDependency */,
			);
			name = AppticsDemoUITests;
			productName = AppticsDemoUITests;
			productReference = A25BD37E273B454E00FA196D /* AppticsDemoUITests.xctest */;
			productType = "com.apple.product-type.bundle.ui-testing";
		};
/* End PBXNativeTarget section */

/* Begin PBXProject section */
		A25BD352273B454B00FA196D /* Project object */ = {
			isa = PBXProject;
			attributes = {
				LastSwiftUpdateCheck = 1330;
				LastUpgradeCheck = 1250;
				TargetAttributes = {
					A25BD359273B454B00FA196D = {
						CreatedOnToolsVersion = 12.5;
						LastSwiftMigration = 1250;
					};
					A25BD372273B454E00FA196D = {
						CreatedOnToolsVersion = 12.5;
						TestTargetID = A25BD359273B454B00FA196D;
					};
					A25BD37D273B454E00FA196D = {
						CreatedOnToolsVersion = 12.5;
						TestTargetID = A25BD359273B454B00FA196D;
					};
				};
			};
			buildConfigurationList = A25BD355273B454B00FA196D /* Build configuration list for PBXProject "AppticsDemo" */;
			compatibilityVersion = "Xcode 9.3";
			developmentRegion = en;
			hasScannedForEncodings = 0;
			knownRegions = (
				en,
				Base,
			);
			mainGroup = A25BD351273B454B00FA196D;
			productRefGroup = A25BD35B273B454B00FA196D /* Products */;
			projectDirPath = "";
			projectRoot = "";
			targets = (
				A25BD359273B454B00FA196D /* AppticsDemo */,
				A25BD372273B454E00FA196D /* AppticsDemoTests */,
				A25BD37D273B454E00FA196D /* AppticsDemoUITests */,
			);
		};
/* End PBXProject section */

/* Begin PBXResourcesBuildPhase section */
		A25BD358273B454B00FA196D /* Resources */ = {
			isa = PBXResourcesBuildPhase;
			buildActionMask = 2147483647;
			files = (
				A25BD36D273B454E00FA196D /* LaunchScreen.storyboard in Resources */,
				A25BD63227426D4B00FA196D /* apptics-config.plist in Resources */,
				A25BD36A273B454E00FA196D /* Assets.xcassets in Resources */,
				A25BD365273B454B00FA196D /* Main.storyboard in Resources */,
			);
			runOnlyForDeploymentPostprocessing = 0;
		};
		A25BD371273B454E00FA196D /* Resources */ = {
			isa = PBXResourcesBuildPhase;
			buildActionMask = 2147483647;
			files = (
			);
			runOnlyForDeploymentPostprocessing = 0;
		};
		A25BD37C273B454E00FA196D /* Resources */ = {
			isa = PBXResourcesBuildPhase;
			buildActionMask = 2147483647;
			files = (
			);
			runOnlyForDeploymentPostprocessing = 0;
		};
/* End PBXResourcesBuildPhase section */

/* Begin PBXShellScriptBuildPhase section */
		1C30B22EC6F09937481725CC /* [CP] Check Pods Manifest.lock */ = {
			isa = PBXShellScriptBuildPhase;
			buildActionMask = 2147483647;
			files = (
			);
			inputFileListPaths = (
			);
			inputPaths = (
				"${PODS_PODFILE_DIR_PATH}/Podfile.lock",
				"${PODS_ROOT}/Manifest.lock",
			);
			name = "[CP] Check Pods Manifest.lock";
			outputFileListPaths = (
			);
			outputPaths = (
				"$(DERIVED_FILE_DIR)/Pods-AppticsDemoTests-checkManifestLockResult.txt",
			);
			runOnlyForDeploymentPostprocessing = 0;
			shellPath = /bin/sh;
			shellScript = "diff \"${PODS_PODFILE_DIR_PATH}/Podfile.lock\" \"${PODS_ROOT}/Manifest.lock\" > /dev/null\nif [ $? != 0 ] ; then\n    # print error to STDERR\n    echo \"error: The sandbox is not in sync with the Podfile.lock. Run 'pod install' or update your CocoaPods installation.\" >&2\n    exit 1\nfi\n# This output is used by Xcode 'outputs' to avoid re-running this script phase.\necho \"SUCCESS\" > \"${SCRIPT_OUTPUT_FILE_0}\"\n";
			showEnvVarsInLog = 0;
		};
		3162B00A53951C0267FD6CE9 /* [CP] Embed Pods Frameworks */ = {
			isa = PBXShellScriptBuildPhase;
			buildActionMask = 2147483647;
			files = (
			);
			inputFileListPaths = (
				"${PODS_ROOT}/Target Support Files/Pods-AppticsDemo-AppticsDemoUITests/Pods-AppticsDemo-AppticsDemoUITests-frameworks-${CONFIGURATION}-input-files.xcfilelist",
			);
			name = "[CP] Embed Pods Frameworks";
			outputFileListPaths = (
				"${PODS_ROOT}/Target Support Files/Pods-AppticsDemo-AppticsDemoUITests/Pods-AppticsDemo-AppticsDemoUITests-frameworks-${CONFIGURATION}-output-files.xcfilelist",
			);
			runOnlyForDeploymentPostprocessing = 0;
			shellPath = /bin/sh;
			shellScript = "\"${PODS_ROOT}/Target Support Files/Pods-AppticsDemo-AppticsDemoUITests/Pods-AppticsDemo-AppticsDemoUITests-frameworks.sh\"\n";
			showEnvVarsInLog = 0;
		};
		4E8356A1FCFCF822DD1946D9 /* [CP-User] Apptics pre build */ = {
			isa = PBXShellScriptBuildPhase;
			buildActionMask = 2147483647;
			files = (
			);
			name = "[CP-User] Apptics pre build";
			runOnlyForDeploymentPostprocessing = 0;
			shellPath = /bin/sh;
			shellScript = "sh \"./Pods/Apptics-SDK/scripts/run\" --upload-symbols-for-configurations=\"Release, AppStore\"\n";
		};
		8B565F076C39AAA640E15385 /* [CP] Check Pods Manifest.lock */ = {
			isa = PBXShellScriptBuildPhase;
			buildActionMask = 2147483647;
			files = (
			);
			inputFileListPaths = (
			);
			inputPaths = (
				"${PODS_PODFILE_DIR_PATH}/Podfile.lock",
				"${PODS_ROOT}/Manifest.lock",
			);
			name = "[CP] Check Pods Manifest.lock";
			outputFileListPaths = (
			);
			outputPaths = (
				"$(DERIVED_FILE_DIR)/Pods-AppticsDemo-checkManifestLockResult.txt",
			);
			runOnlyForDeploymentPostprocessing = 0;
			shellPath = /bin/sh;
			shellScript = "diff \"${PODS_PODFILE_DIR_PATH}/Podfile.lock\" \"${PODS_ROOT}/Manifest.lock\" > /dev/null\nif [ $? != 0 ] ; then\n    # print error to STDERR\n    echo \"error: The sandbox is not in sync with the Podfile.lock. Run 'pod install' or update your CocoaPods installation.\" >&2\n    exit 1\nfi\n# This output is used by Xcode 'outputs' to avoid re-running this script phase.\necho \"SUCCESS\" > \"${SCRIPT_OUTPUT_FILE_0}\"\n";
			showEnvVarsInLog = 0;
		};
		991D9C444D93002C0FED89E3 /* [CP] Check Pods Manifest.lock */ = {
			isa = PBXShellScriptBuildPhase;
			buildActionMask = 2147483647;
			files = (
			);
			inputFileListPaths = (
			);
			inputPaths = (
				"${PODS_PODFILE_DIR_PATH}/Podfile.lock",
				"${PODS_ROOT}/Manifest.lock",
			);
			name = "[CP] Check Pods Manifest.lock";
			outputFileListPaths = (
			);
			outputPaths = (
				"$(DERIVED_FILE_DIR)/Pods-AppticsDemo-AppticsDemoUITests-checkManifestLockResult.txt",
			);
			runOnlyForDeploymentPostprocessing = 0;
			shellPath = /bin/sh;
			shellScript = "diff \"${PODS_PODFILE_DIR_PATH}/Podfile.lock\" \"${PODS_ROOT}/Manifest.lock\" > /dev/null\nif [ $? != 0 ] ; then\n    # print error to STDERR\n    echo \"error: The sandbox is not in sync with the Podfile.lock. Run 'pod install' or update your CocoaPods installation.\" >&2\n    exit 1\nfi\n# This output is used by Xcode 'outputs' to avoid re-running this script phase.\necho \"SUCCESS\" > \"${SCRIPT_OUTPUT_FILE_0}\"\n";
			showEnvVarsInLog = 0;
		};
		E18DD616DEBB59C1D2214FF3 /* [CP] Embed Pods Frameworks */ = {
			isa = PBXShellScriptBuildPhase;
			buildActionMask = 2147483647;
			files = (
			);
			inputFileListPaths = (
				"${PODS_ROOT}/Target Support Files/Pods-AppticsDemo/Pods-AppticsDemo-frameworks-${CONFIGURATION}-input-files.xcfilelist",
			);
			name = "[CP] Embed Pods Frameworks";
			outputFileListPaths = (
				"${PODS_ROOT}/Target Support Files/Pods-AppticsDemo/Pods-AppticsDemo-frameworks-${CONFIGURATION}-output-files.xcfilelist",
			);
			runOnlyForDeploymentPostprocessing = 0;
			shellPath = /bin/sh;
			shellScript = "\"${PODS_ROOT}/Target Support Files/Pods-AppticsDemo/Pods-AppticsDemo-frameworks.sh\"\n";
			showEnvVarsInLog = 0;
		};
/* End PBXShellScriptBuildPhase section */

/* Begin PBXSourcesBuildPhase section */
		A25BD356273B454B00FA196D /* Sources */ = {
			isa = PBXSourcesBuildPhase;
			buildActionMask = 2147483647;
			files = (
				A27C28642799503800EA16CF /* CrashListCell.swift in Sources */,
				A25BD62E27426C2E00FA196D /* Test.m in Sources */,
				A27C286A27996AEA00EA16CF /* CrashMaster.m in Sources */,
				A27C2856279935B900EA16CF /* TableList.swift in Sources */,
				A25BD368273B454B00FA196D /* AppticsDemo.xcdatamodeld in Sources */,
				A25BD35E273B454B00FA196D /* AppDelegate.swift in Sources */,
				A27C287F27997F3200EA16CF /* APIListCell.swift in Sources */,
				A27C28652799503800EA16CF /* CrashListViewController.swift in Sources */,
				A27C28782799791100EA16CF /* ThemeManager.swift in Sources */,
				A27C2858279935B900EA16CF /* ListViewController.swift in Sources */,
				A27C2857279935B900EA16CF /* ListCell.swift in Sources */,
				A27C285C279936B700EA16CF /* EventsListCell.swift in Sources */,
				A27C2873279971A500EA16CF /* NonFatalTableList.swift in Sources */,
				A27C2872279971A500EA16CF /* NonFatalViewController.swift in Sources */,
				A27C28662799503800EA16CF /* CrashTableList.swift in Sources */,
				A27C2871279971A500EA16CF /* NonFatalListCell.swift in Sources */,
				A27C288027997F3200EA16CF /* APITableList.swift in Sources */,
				A25BD360273B454B00FA196D /* SceneDelegate.swift in Sources */,
				A27C285D279936B700EA16CF /* EventsListViewController.swift in Sources */,
				A27C2874279971A500EA16CF /* NonFatalMaster.m in Sources */,
				A27C285F27993C0700EA16CF /* EventsTableList.swift in Sources */,
				A27C287E27997F3200EA16CF /* APIListViewController.swift in Sources */,
				ADB94474DA08D225B0BAAB45 /* APAppticsExtension.swift in Sources */,
			);
			runOnlyForDeploymentPostprocessing = 0;
		};
		A25BD36F273B454E00FA196D /* Sources */ = {
			isa = PBXSourcesBuildPhase;
			buildActionMask = 2147483647;
			files = (
				A25BD378273B454E00FA196D /* AppticsDemoTests.swift in Sources */,
			);
			runOnlyForDeploymentPostprocessing = 0;
		};
		A25BD37A273B454E00FA196D /* Sources */ = {
			isa = PBXSourcesBuildPhase;
			buildActionMask = 2147483647;
			files = (
				A25BD383273B454E00FA196D /* AppticsDemoUITests.swift in Sources */,
			);
			runOnlyForDeploymentPostprocessing = 0;
		};
/* End PBXSourcesBuildPhase section */

/* Begin PBXTargetDependency section */
		A25BD375273B454E00FA196D /* PBXTargetDependency */ = {
			isa = PBXTargetDependency;
			target = A25BD359273B454B00FA196D /* AppticsDemo */;
			targetProxy = A25BD374273B454E00FA196D /* PBXContainerItemProxy */;
		};
		A25BD380273B454E00FA196D /* PBXTargetDependency */ = {
			isa = PBXTargetDependency;
			target = A25BD359273B454B00FA196D /* AppticsDemo */;
			targetProxy = A25BD37F273B454E00FA196D /* PBXContainerItemProxy */;
		};
/* End PBXTargetDependency section */

/* Begin PBXVariantGroup section */
		A25BD363273B454B00FA196D /* Main.storyboard */ = {
			isa = PBXVariantGroup;
			children = (
				A25BD364273B454B00FA196D /* Base */,
			);
			name = Main.storyboard;
			sourceTree = "<group>";
		};
		A25BD36B273B454E00FA196D /* LaunchScreen.storyboard */ = {
			isa = PBXVariantGroup;
			children = (
				A25BD36C273B454E00FA196D /* Base */,
			);
			name = LaunchScreen.storyboard;
			sourceTree = "<group>";
		};
/* End PBXVariantGroup section */

/* Begin XCBuildConfiguration section */
		A25BD385273B454E00FA196D /* Debug */ = {
			isa = XCBuildConfiguration;
			buildSettings = {
				ALWAYS_SEARCH_USER_PATHS = NO;
				CLANG_ANALYZER_NONNULL = YES;
				CLANG_ANALYZER_NUMBER_OBJECT_CONVERSION = YES_AGGRESSIVE;
				CLANG_CXX_LANGUAGE_STANDARD = "gnu++14";
				CLANG_CXX_LIBRARY = "libc++";
				CLANG_ENABLE_MODULES = YES;
				CLANG_ENABLE_OBJC_ARC = YES;
				CLANG_ENABLE_OBJC_WEAK = YES;
				CLANG_WARN_BLOCK_CAPTURE_AUTORELEASING = YES;
				CLANG_WARN_BOOL_CONVERSION = YES;
				CLANG_WARN_COMMA = YES;
				CLANG_WARN_CONSTANT_CONVERSION = YES;
				CLANG_WARN_DEPRECATED_OBJC_IMPLEMENTATIONS = YES;
				CLANG_WARN_DIRECT_OBJC_ISA_USAGE = YES_ERROR;
				CLANG_WARN_DOCUMENTATION_COMMENTS = YES;
				CLANG_WARN_EMPTY_BODY = YES;
				CLANG_WARN_ENUM_CONVERSION = YES;
				CLANG_WARN_INFINITE_RECURSION = YES;
				CLANG_WARN_INT_CONVERSION = YES;
				CLANG_WARN_NON_LITERAL_NULL_CONVERSION = YES;
				CLANG_WARN_OBJC_IMPLICIT_RETAIN_SELF = YES;
				CLANG_WARN_OBJC_LITERAL_CONVERSION = YES;
				CLANG_WARN_OBJC_ROOT_CLASS = YES_ERROR;
				CLANG_WARN_QUOTED_INCLUDE_IN_FRAMEWORK_HEADER = YES;
				CLANG_WARN_RANGE_LOOP_ANALYSIS = YES;
				CLANG_WARN_STRICT_PROTOTYPES = YES;
				CLANG_WARN_SUSPICIOUS_MOVE = YES;
				CLANG_WARN_UNGUARDED_AVAILABILITY = YES_AGGRESSIVE;
				CLANG_WARN_UNREACHABLE_CODE = YES;
				CLANG_WARN__DUPLICATE_METHOD_MATCH = YES;
				COPY_PHASE_STRIP = NO;
				DEBUG_INFORMATION_FORMAT = dwarf;
				ENABLE_STRICT_OBJC_MSGSEND = YES;
				ENABLE_TESTABILITY = YES;
				EXCLUDED_ARCHS = arm64;
				"EXCLUDED_ARCHS[sdk=iphonesimulator*]" = arm64;
				GCC_C_LANGUAGE_STANDARD = gnu11;
				GCC_DYNAMIC_NO_PIC = NO;
				GCC_NO_COMMON_BLOCKS = YES;
				GCC_OPTIMIZATION_LEVEL = 0;
				GCC_PREPROCESSOR_DEFINITIONS = (
					"DEBUG=1",
					"$(inherited)",
				);
				GCC_WARN_64_TO_32_BIT_CONVERSION = YES;
				GCC_WARN_ABOUT_RETURN_TYPE = YES_ERROR;
				GCC_WARN_UNDECLARED_SELECTOR = YES;
				GCC_WARN_UNINITIALIZED_AUTOS = YES_AGGRESSIVE;
				GCC_WARN_UNUSED_FUNCTION = YES;
				GCC_WARN_UNUSED_VARIABLE = YES;
				IPHONEOS_DEPLOYMENT_TARGET = 14.5;
				MTL_ENABLE_DEBUG_INFO = INCLUDE_SOURCE;
				MTL_FAST_MATH = YES;
				ONLY_ACTIVE_ARCH = YES;
				SDKROOT = iphoneos;
				SWIFT_ACTIVE_COMPILATION_CONDITIONS = DEBUG;
				SWIFT_OPTIMIZATION_LEVEL = "-Onone";
			};
			name = Debug;
		};
		A25BD386273B454E00FA196D /* Release */ = {
			isa = XCBuildConfiguration;
			buildSettings = {
				ALWAYS_SEARCH_USER_PATHS = NO;
				CLANG_ANALYZER_NONNULL = YES;
				CLANG_ANALYZER_NUMBER_OBJECT_CONVERSION = YES_AGGRESSIVE;
				CLANG_CXX_LANGUAGE_STANDARD = "gnu++14";
				CLANG_CXX_LIBRARY = "libc++";
				CLANG_ENABLE_MODULES = YES;
				CLANG_ENABLE_OBJC_ARC = YES;
				CLANG_ENABLE_OBJC_WEAK = YES;
				CLANG_WARN_BLOCK_CAPTURE_AUTORELEASING = YES;
				CLANG_WARN_BOOL_CONVERSION = YES;
				CLANG_WARN_COMMA = YES;
				CLANG_WARN_CONSTANT_CONVERSION = YES;
				CLANG_WARN_DEPRECATED_OBJC_IMPLEMENTATIONS = YES;
				CLANG_WARN_DIRECT_OBJC_ISA_USAGE = YES_ERROR;
				CLANG_WARN_DOCUMENTATION_COMMENTS = YES;
				CLANG_WARN_EMPTY_BODY = YES;
				CLANG_WARN_ENUM_CONVERSION = YES;
				CLANG_WARN_INFINITE_RECURSION = YES;
				CLANG_WARN_INT_CONVERSION = YES;
				CLANG_WARN_NON_LITERAL_NULL_CONVERSION = YES;
				CLANG_WARN_OBJC_IMPLICIT_RETAIN_SELF = YES;
				CLANG_WARN_OBJC_LITERAL_CONVERSION = YES;
				CLANG_WARN_OBJC_ROOT_CLASS = YES_ERROR;
				CLANG_WARN_QUOTED_INCLUDE_IN_FRAMEWORK_HEADER = YES;
				CLANG_WARN_RANGE_LOOP_ANALYSIS = YES;
				CLANG_WARN_STRICT_PROTOTYPES = YES;
				CLANG_WARN_SUSPICIOUS_MOVE = YES;
				CLANG_WARN_UNGUARDED_AVAILABILITY = YES_AGGRESSIVE;
				CLANG_WARN_UNREACHABLE_CODE = YES;
				CLANG_WARN__DUPLICATE_METHOD_MATCH = YES;
				COPY_PHASE_STRIP = NO;
				DEBUG_INFORMATION_FORMAT = "dwarf-with-dsym";
				ENABLE_NS_ASSERTIONS = NO;
				ENABLE_STRICT_OBJC_MSGSEND = YES;
				EXCLUDED_ARCHS = arm64;
				"EXCLUDED_ARCHS[sdk=iphonesimulator*]" = arm64;
				GCC_C_LANGUAGE_STANDARD = gnu11;
				GCC_NO_COMMON_BLOCKS = YES;
				GCC_WARN_64_TO_32_BIT_CONVERSION = YES;
				GCC_WARN_ABOUT_RETURN_TYPE = YES_ERROR;
				GCC_WARN_UNDECLARED_SELECTOR = YES;
				GCC_WARN_UNINITIALIZED_AUTOS = YES_AGGRESSIVE;
				GCC_WARN_UNUSED_FUNCTION = YES;
				GCC_WARN_UNUSED_VARIABLE = YES;
				IPHONEOS_DEPLOYMENT_TARGET = 14.5;
				MTL_ENABLE_DEBUG_INFO = NO;
				MTL_FAST_MATH = YES;
				SDKROOT = iphoneos;
				SWIFT_COMPILATION_MODE = wholemodule;
				SWIFT_OPTIMIZATION_LEVEL = "-O";
				VALIDATE_PRODUCT = YES;
			};
			name = Release;
		};
		A25BD388273B454E00FA196D /* Debug */ = {
			isa = XCBuildConfiguration;
			baseConfigurationReference = 10DAB8F8095A905448BB2AC0 /* Pods-AppticsDemo.debug.xcconfig */;
			buildSettings = {
				ALWAYS_EMBED_SWIFT_STANDARD_LIBRARIES = YES;
				APPTICS_CONFIG_FILE_PATH = "Configs/apptics-config-Development.plist";
				ASSETCATALOG_COMPILER_APPICON_NAME = AppIcon;
				ASSETCATALOG_COMPILER_GLOBAL_ACCENT_COLOR_NAME = AccentColor;
				CLANG_ENABLE_MODULES = YES;
				CODE_SIGN_ENTITLEMENTS = AppticsDemo/AppticsDemo.entitlements;
				CODE_SIGN_IDENTITY = "Apple Development";
				CODE_SIGN_STYLE = Automatic;
				CURRENT_PROJECT_VERSION = 1.1;
				DEBUG_INFORMATION_FORMAT = "dwarf-with-dsym";
				DEVELOPMENT_TEAM = G8T3WV9A3U;
				ENABLE_HARDENED_RUNTIME = YES;
				"ENABLE_HARDENED_RUNTIME[sdk=macosx*]" = YES;
				EXCLUDED_ARCHS = "";
				FRAMEWORK_SEARCH_PATHS = (
					"$(inherited)",
					"$(PROJECT_DIR)",
				);
				INFOPLIST_FILE = AppticsDemo/Info.plist;
				LD_RUNPATH_SEARCH_PATHS = (
					"$(inherited)",
					"@executable_path/Frameworks",
				);
				MARKETING_VERSION = 1.1;
				OTHER_CODE_SIGN_FLAGS = "";
				PRODUCT_BUNDLE_IDENTIFIER = com.apptics.demo.ios;
				PRODUCT_NAME = "$(TARGET_NAME)";
				SUPPORTS_MACCATALYST = YES;
				SWIFT_OBJC_BRIDGING_HEADER = "AppticsDemo/AppticsDemo-Bridging-Header.h";
				SWIFT_OPTIMIZATION_LEVEL = "-Onone";
				SWIFT_VERSION = 5.0;
				TARGETED_DEVICE_FAMILY = "1,2";
			};
			name = Debug;
		};
		A25BD389273B454E00FA196D /* Release */ = {
			isa = XCBuildConfiguration;
			baseConfigurationReference = 14E0F03644EDE28D29268CE8 /* Pods-AppticsDemo.release.xcconfig */;
			buildSettings = {
				ALWAYS_EMBED_SWIFT_STANDARD_LIBRARIES = YES;
				APPTICS_CONFIG_FILE_PATH = "Configs/apptics-config-Release.plist";
				ASSETCATALOG_COMPILER_APPICON_NAME = AppIcon;
				ASSETCATALOG_COMPILER_GLOBAL_ACCENT_COLOR_NAME = AccentColor;
				CLANG_ENABLE_MODULES = YES;
				CODE_SIGN_ENTITLEMENTS = AppticsDemo/AppticsDemo.entitlements;
				CODE_SIGN_IDENTITY = "Apple Development";
				CODE_SIGN_STYLE = Automatic;
				CURRENT_PROJECT_VERSION = 1.1;
				DEVELOPMENT_TEAM = G8T3WV9A3U;
				ENABLE_HARDENED_RUNTIME = YES;
				"ENABLE_HARDENED_RUNTIME[sdk=macosx*]" = YES;
				EXCLUDED_ARCHS = "";
				FRAMEWORK_SEARCH_PATHS = (
					"$(inherited)",
					"$(PROJECT_DIR)",
				);
				INFOPLIST_FILE = AppticsDemo/Info.plist;
				LD_RUNPATH_SEARCH_PATHS = (
					"$(inherited)",
					"@executable_path/Frameworks",
				);
				MARKETING_VERSION = 1.1;
				OTHER_CODE_SIGN_FLAGS = "";
				PRODUCT_BUNDLE_IDENTIFIER = com.apptics.demo.ios;
				PRODUCT_NAME = "$(TARGET_NAME)";
				SUPPORTS_MACCATALYST = YES;
				SWIFT_OBJC_BRIDGING_HEADER = "AppticsDemo/AppticsDemo-Bridging-Header.h";
				SWIFT_VERSION = 5.0;
				TARGETED_DEVICE_FAMILY = "1,2";
			};
			name = Release;
		};
		A25BD38B273B454E00FA196D /* Debug */ = {
			isa = XCBuildConfiguration;
			baseConfigurationReference = DA370EAB318A350CC76AA843 /* Pods-AppticsDemoTests.debug.xcconfig */;
			buildSettings = {
				ALWAYS_EMBED_SWIFT_STANDARD_LIBRARIES = YES;
				BUNDLE_LOADER = "$(TEST_HOST)";
				CODE_SIGN_STYLE = Automatic;
				INFOPLIST_FILE = AppticsDemoTests/Info.plist;
				IPHONEOS_DEPLOYMENT_TARGET = 14.5;
				LD_RUNPATH_SEARCH_PATHS = (
					"$(inherited)",
					"@executable_path/Frameworks",
					"@loader_path/Frameworks",
				);
				PRODUCT_BUNDLE_IDENTIFIER = com.zoho.apptics.AppticsDemoTests;
				PRODUCT_NAME = "$(TARGET_NAME)";
				SWIFT_VERSION = 5.0;
				TARGETED_DEVICE_FAMILY = "1,2";
				TEST_HOST = "$(BUILT_PRODUCTS_DIR)/AppticsDemo.app/AppticsDemo";
			};
			name = Debug;
		};
		A25BD38C273B454E00FA196D /* Release */ = {
			isa = XCBuildConfiguration;
			baseConfigurationReference = B9D88B4FFA9BB2C1E6C78C30 /* Pods-AppticsDemoTests.release.xcconfig */;
			buildSettings = {
				ALWAYS_EMBED_SWIFT_STANDARD_LIBRARIES = YES;
				BUNDLE_LOADER = "$(TEST_HOST)";
				CODE_SIGN_STYLE = Automatic;
				INFOPLIST_FILE = AppticsDemoTests/Info.plist;
				IPHONEOS_DEPLOYMENT_TARGET = 14.5;
				LD_RUNPATH_SEARCH_PATHS = (
					"$(inherited)",
					"@executable_path/Frameworks",
					"@loader_path/Frameworks",
				);
				PRODUCT_BUNDLE_IDENTIFIER = com.zoho.apptics.AppticsDemoTests;
				PRODUCT_NAME = "$(TARGET_NAME)";
				SWIFT_VERSION = 5.0;
				TARGETED_DEVICE_FAMILY = "1,2";
				TEST_HOST = "$(BUILT_PRODUCTS_DIR)/AppticsDemo.app/AppticsDemo";
			};
			name = Release;
		};
		A25BD38E273B454E00FA196D /* Debug */ = {
			isa = XCBuildConfiguration;
			baseConfigurationReference = F0F47225FA98614F5C55F9DF /* Pods-AppticsDemo-AppticsDemoUITests.debug.xcconfig */;
			buildSettings = {
				ALWAYS_EMBED_SWIFT_STANDARD_LIBRARIES = YES;
				CODE_SIGN_STYLE = Automatic;
				INFOPLIST_FILE = AppticsDemoUITests/Info.plist;
				LD_RUNPATH_SEARCH_PATHS = (
					"$(inherited)",
					"@executable_path/Frameworks",
					"@loader_path/Frameworks",
				);
				PRODUCT_BUNDLE_IDENTIFIER = com.zoho.apptics.AppticsDemoUITests;
				PRODUCT_NAME = "$(TARGET_NAME)";
				SWIFT_VERSION = 5.0;
				TARGETED_DEVICE_FAMILY = "1,2";
				TEST_TARGET_NAME = AppticsDemo;
			};
			name = Debug;
		};
		A25BD38F273B454E00FA196D /* Release */ = {
			isa = XCBuildConfiguration;
			baseConfigurationReference = EDD984C7621336D0AC0F479E /* Pods-AppticsDemo-AppticsDemoUITests.release.xcconfig */;
			buildSettings = {
				ALWAYS_EMBED_SWIFT_STANDARD_LIBRARIES = YES;
				CODE_SIGN_STYLE = Automatic;
				INFOPLIST_FILE = AppticsDemoUITests/Info.plist;
				LD_RUNPATH_SEARCH_PATHS = (
					"$(inherited)",
					"@executable_path/Frameworks",
					"@loader_path/Frameworks",
				);
				PRODUCT_BUNDLE_IDENTIFIER = com.zoho.apptics.AppticsDemoUITests;
				PRODUCT_NAME = "$(TARGET_NAME)";
				SWIFT_VERSION = 5.0;
				TARGETED_DEVICE_FAMILY = "1,2";
				TEST_TARGET_NAME = AppticsDemo;
			};
			name = Release;
		};
		A29159E7287BED8E00826868 /* AppStore */ = {
			isa = XCBuildConfiguration;
			buildSettings = {
				ALWAYS_SEARCH_USER_PATHS = NO;
				CLANG_ANALYZER_NONNULL = YES;
				CLANG_ANALYZER_NUMBER_OBJECT_CONVERSION = YES_AGGRESSIVE;
				CLANG_CXX_LANGUAGE_STANDARD = "gnu++14";
				CLANG_CXX_LIBRARY = "libc++";
				CLANG_ENABLE_MODULES = YES;
				CLANG_ENABLE_OBJC_ARC = YES;
				CLANG_ENABLE_OBJC_WEAK = YES;
				CLANG_WARN_BLOCK_CAPTURE_AUTORELEASING = YES;
				CLANG_WARN_BOOL_CONVERSION = YES;
				CLANG_WARN_COMMA = YES;
				CLANG_WARN_CONSTANT_CONVERSION = YES;
				CLANG_WARN_DEPRECATED_OBJC_IMPLEMENTATIONS = YES;
				CLANG_WARN_DIRECT_OBJC_ISA_USAGE = YES_ERROR;
				CLANG_WARN_DOCUMENTATION_COMMENTS = YES;
				CLANG_WARN_EMPTY_BODY = YES;
				CLANG_WARN_ENUM_CONVERSION = YES;
				CLANG_WARN_INFINITE_RECURSION = YES;
				CLANG_WARN_INT_CONVERSION = YES;
				CLANG_WARN_NON_LITERAL_NULL_CONVERSION = YES;
				CLANG_WARN_OBJC_IMPLICIT_RETAIN_SELF = YES;
				CLANG_WARN_OBJC_LITERAL_CONVERSION = YES;
				CLANG_WARN_OBJC_ROOT_CLASS = YES_ERROR;
				CLANG_WARN_QUOTED_INCLUDE_IN_FRAMEWORK_HEADER = YES;
				CLANG_WARN_RANGE_LOOP_ANALYSIS = YES;
				CLANG_WARN_STRICT_PROTOTYPES = YES;
				CLANG_WARN_SUSPICIOUS_MOVE = YES;
				CLANG_WARN_UNGUARDED_AVAILABILITY = YES_AGGRESSIVE;
				CLANG_WARN_UNREACHABLE_CODE = YES;
				CLANG_WARN__DUPLICATE_METHOD_MATCH = YES;
				COPY_PHASE_STRIP = NO;
				DEBUG_INFORMATION_FORMAT = dwarf;
				ENABLE_STRICT_OBJC_MSGSEND = YES;
				ENABLE_TESTABILITY = YES;
				EXCLUDED_ARCHS = arm64;
				"EXCLUDED_ARCHS[sdk=iphonesimulator*]" = arm64;
				GCC_C_LANGUAGE_STANDARD = gnu11;
				GCC_DYNAMIC_NO_PIC = NO;
				GCC_NO_COMMON_BLOCKS = YES;
				GCC_OPTIMIZATION_LEVEL = 0;
				GCC_PREPROCESSOR_DEFINITIONS = (
					"DEBUG=1",
					"$(inherited)",
				);
				GCC_WARN_64_TO_32_BIT_CONVERSION = YES;
				GCC_WARN_ABOUT_RETURN_TYPE = YES_ERROR;
				GCC_WARN_UNDECLARED_SELECTOR = YES;
				GCC_WARN_UNINITIALIZED_AUTOS = YES_AGGRESSIVE;
				GCC_WARN_UNUSED_FUNCTION = YES;
				GCC_WARN_UNUSED_VARIABLE = YES;
				IPHONEOS_DEPLOYMENT_TARGET = 14.5;
				MTL_ENABLE_DEBUG_INFO = INCLUDE_SOURCE;
				MTL_FAST_MATH = YES;
				ONLY_ACTIVE_ARCH = YES;
				SDKROOT = iphoneos;
				SWIFT_ACTIVE_COMPILATION_CONDITIONS = DEBUG;
				SWIFT_OPTIMIZATION_LEVEL = "-Onone";
			};
			name = AppStore;
		};
		A29159E8287BED8E00826868 /* AppStore */ = {
			isa = XCBuildConfiguration;
			baseConfigurationReference = 84D480B18EC6157DD090FC19 /* Pods-AppticsDemo.appstore.xcconfig */;
			buildSettings = {
				ALWAYS_EMBED_SWIFT_STANDARD_LIBRARIES = YES;
				APPTICS_CONFIG_FILE_PATH = "Configs/apptics-config-AppStore.plist";
				ASSETCATALOG_COMPILER_APPICON_NAME = AppIcon;
				ASSETCATALOG_COMPILER_GLOBAL_ACCENT_COLOR_NAME = AccentColor;
				CLANG_ENABLE_MODULES = YES;
				CODE_SIGN_ENTITLEMENTS = AppticsDemo/AppticsDemo.entitlements;
				CODE_SIGN_IDENTITY = "Apple Development";
				CODE_SIGN_STYLE = Automatic;
				CURRENT_PROJECT_VERSION = 1.1;
				DEBUG_INFORMATION_FORMAT = "dwarf-with-dsym";
				DEVELOPMENT_TEAM = G8T3WV9A3U;
				ENABLE_HARDENED_RUNTIME = YES;
				"ENABLE_HARDENED_RUNTIME[sdk=macosx*]" = YES;
				EXCLUDED_ARCHS = "";
				FRAMEWORK_SEARCH_PATHS = (
					"$(inherited)",
					"$(PROJECT_DIR)",
				);
				INFOPLIST_FILE = AppticsDemo/Info.plist;
				LD_RUNPATH_SEARCH_PATHS = (
					"$(inherited)",
					"@executable_path/Frameworks",
				);
				MARKETING_VERSION = 1.1;
				OTHER_CODE_SIGN_FLAGS = "";
				PRODUCT_BUNDLE_IDENTIFIER = com.apptics.demo.ios;
				PRODUCT_NAME = "$(TARGET_NAME)";
				SUPPORTS_MACCATALYST = YES;
				SWIFT_OBJC_BRIDGING_HEADER = "AppticsDemo/AppticsDemo-Bridging-Header.h";
				SWIFT_OPTIMIZATION_LEVEL = "-Onone";
				SWIFT_VERSION = 5.0;
				TARGETED_DEVICE_FAMILY = "1,2";
			};
			name = AppStore;
		};
		A29159E9287BED8E00826868 /* AppStore */ = {
			isa = XCBuildConfiguration;
			baseConfigurationReference = 54EB7E06160FAA781C33CCAF /* Pods-AppticsDemoTests.appstore.xcconfig */;
			buildSettings = {
				ALWAYS_EMBED_SWIFT_STANDARD_LIBRARIES = YES;
				BUNDLE_LOADER = "$(TEST_HOST)";
				CODE_SIGN_STYLE = Automatic;
				INFOPLIST_FILE = AppticsDemoTests/Info.plist;
				IPHONEOS_DEPLOYMENT_TARGET = 14.5;
				LD_RUNPATH_SEARCH_PATHS = (
					"$(inherited)",
					"@executable_path/Frameworks",
					"@loader_path/Frameworks",
				);
				PRODUCT_BUNDLE_IDENTIFIER = com.zoho.apptics.AppticsDemoTests;
				PRODUCT_NAME = "$(TARGET_NAME)";
				SWIFT_VERSION = 5.0;
				TARGETED_DEVICE_FAMILY = "1,2";
				TEST_HOST = "$(BUILT_PRODUCTS_DIR)/AppticsDemo.app/AppticsDemo";
			};
			name = AppStore;
		};
		A29159EA287BED8E00826868 /* AppStore */ = {
			isa = XCBuildConfiguration;
			baseConfigurationReference = BF882AA35A8CE2A0B2911022 /* Pods-AppticsDemo-AppticsDemoUITests.appstore.xcconfig */;
			buildSettings = {
				ALWAYS_EMBED_SWIFT_STANDARD_LIBRARIES = YES;
				CODE_SIGN_STYLE = Automatic;
				INFOPLIST_FILE = AppticsDemoUITests/Info.plist;
				LD_RUNPATH_SEARCH_PATHS = (
					"$(inherited)",
					"@executable_path/Frameworks",
					"@loader_path/Frameworks",
				);
				PRODUCT_BUNDLE_IDENTIFIER = com.zoho.apptics.AppticsDemoUITests;
				PRODUCT_NAME = "$(TARGET_NAME)";
				SWIFT_VERSION = 5.0;
				TARGETED_DEVICE_FAMILY = "1,2";
				TEST_TARGET_NAME = AppticsDemo;
			};
			name = AppStore;
		};
/* End XCBuildConfiguration section */

/* Begin XCConfigurationList section */
		A25BD355273B454B00FA196D /* Build configuration list for PBXProject "AppticsDemo" */ = {
			isa = XCConfigurationList;
			buildConfigurations = (
				A25BD385273B454E00FA196D /* Debug */,
				A29159E7287BED8E00826868 /* AppStore */,
				A25BD386273B454E00FA196D /* Release */,
			);
			defaultConfigurationIsVisible = 0;
			defaultConfigurationName = Release;
		};
		A25BD387273B454E00FA196D /* Build configuration list for PBXNativeTarget "AppticsDemo" */ = {
			isa = XCConfigurationList;
			buildConfigurations = (
				A25BD388273B454E00FA196D /* Debug */,
				A29159E8287BED8E00826868 /* AppStore */,
				A25BD389273B454E00FA196D /* Release */,
			);
			defaultConfigurationIsVisible = 0;
			defaultConfigurationName = Release;
		};
		A25BD38A273B454E00FA196D /* Build configuration list for PBXNativeTarget "AppticsDemoTests" */ = {
			isa = XCConfigurationList;
			buildConfigurations = (
				A25BD38B273B454E00FA196D /* Debug */,
				A29159E9287BED8E00826868 /* AppStore */,
				A25BD38C273B454E00FA196D /* Release */,
			);
			defaultConfigurationIsVisible = 0;
			defaultConfigurationName = Release;
		};
		A25BD38D273B454E00FA196D /* Build configuration list for PBXNativeTarget "AppticsDemoUITests" */ = {
			isa = XCConfigurationList;
			buildConfigurations = (
				A25BD38E273B454E00FA196D /* Debug */,
				A29159EA287BED8E00826868 /* AppStore */,
				A25BD38F273B454E00FA196D /* Release */,
			);
			defaultConfigurationIsVisible = 0;
			defaultConfigurationName = Release;
		};
/* End XCConfigurationList section */

/* Begin XCVersionGroup section */
		A25BD366273B454B00FA196D /* AppticsDemo.xcdatamodeld */ = {
			isa = XCVersionGroup;
			children = (
				A25BD367273B454B00FA196D /* AppticsDemo.xcdatamodel */,
			);
			currentVersion = A25BD367273B454B00FA196D /* AppticsDemo.xcdatamodel */;
			path = AppticsDemo.xcdatamodeld;
			sourceTree = "<group>";
			versionGroupType = wrapper.xcdatamodel;
		};
/* End XCVersionGroup section */
	};
	rootObject = A25BD352273B454B00FA196D /* Project object */;
}
